// !$*UTF8*$!
{
	archiveVersion = 1;
	classes = {
	};
	objectVersion = 77;
	objects = {

/* Begin PBXBuildFile section */
		AD0AE6192FBC8A590062573E /* README.md in Resources */ = {isa = PBXBuildFile; fileRef = AD0AE6182FBC8A590062573E /* README.md */; };
		AD2F1AD42FBD9DCF00F8F749 /* Config.xcconfig in Resources */ = {isa = PBXBuildFile; fileRef = AD2F1AD32FBD9DCF00F8F749 /* Config.xcconfig */; };
/* End PBXBuildFile section */

/* Begin PBXContainerItemProxy section */
		AD0AE5F32FBC37A80062573E /* PBXContainerItemProxy */ = {
			isa = PBXContainerItemProxy;
			containerPortal = AD0AE5DD2FBC37A60062573E /* Project object */;
			proxyType = 1;
			remoteGlobalIDString = AD0AE5E42FBC37A60062573E;
			remoteInfo = blogView;
		};
		AD0AE5FD2FBC37A80062573E /* PBXContainerItemProxy */ = {
			isa = PBXContainerItemProxy;
			containerPortal = AD0AE5DD2FBC37A60062573E /* Project object */;
			proxyType = 1;
			remoteGlobalIDString = AD0AE5E42FBC37A60062573E;
			remoteInfo = blogView;
		};
/* End PBXContainerItemProxy section */

/* Begin PBXFileReference section */
		AD0AE5E52FBC37A60062573E /* blogView.app */ = {isa = PBXFileReference; explicitFileType = wrapper.application; includeInIndex = 0; path = blogView.app; sourceTree = BUILT_PRODUCTS_DIR; };
		AD0AE5F22FBC37A80062573E /* blogViewTests.xctest */ = {isa = PBXFileReference; explicitFileType = wrapper.cfbundle; includeInIndex = 0; path = blogViewTests.xctest; sourceTree = BUILT_PRODUCTS_DIR; };
		AD0AE5FC2FBC37A80062573E /* blogViewUITests.xctest */ = {isa = PBXFileReference; explicitFileType = wrapper.cfbundle; includeInIndex = 0; path = blogViewUITests.xctest; sourceTree = BUILT_PRODUCTS_DIR; };
		AD0AE6182FBC8A590062573E /* README.md */ = {isa = PBXFileReference; lastKnownFileType = net.daringfireball.markdown; path = README.md; sourceTree = "<group>"; };
		AD2F1AD32FBD9DCF00F8F749 /* Config.xcconfig */ = {isa = PBXFileReference; lastKnownFileType = text.xcconfig; path = Config.xcconfig; sourceTree = "<group>"; };
/* End PBXFileReference section */

/* Begin PBXFileSystemSynchronizedBuildFileExceptionSet section */
		AD2F1AD62FBDA5B500F8F749 /* Exceptions for "blogView" folder in "blogView" target */ = {
			isa = PBXFileSystemSynchronizedBuildFileExceptionSet;
			membershipExceptions = (
				Info.plist,
			);
			target = AD0AE5E42FBC37A60062573E /* blogView */;
		};
/* End PBXFileSystemSynchronizedBuildFileExceptionSet section */

/* Begin PBXFileSystemSynchronizedRootGroup section */
		AD0AE5E72FBC37A60062573E /* blogView */ = {
			isa = PBXFileSystemSynchronizedRootGroup;
			exceptions = (
				AD2F1AD62FBDA5B500F8F749 /* Exceptions for "blogView" folder in "blogView" target */,
			);
			path = blogView;
			sourceTree = "<group>";
		};
		AD0AE5F52FBC37A80062573E /* blogViewTests */ = {
			isa = PBXFileSystemSynchronizedRootGroup;
			path = blogViewTests;
			sourceTree = "<group>";
		};
		AD0AE5FF2FBC37A80062573E /* blogViewUITests */ = {
			isa = PBXFileSystemSynchronizedRootGroup;
			path = blogViewUITests;
			sourceTree = "<group>";
		};
/* End PBXFileSystemSynchronizedRootGroup section */

/* Begin PBXFrameworksBuildPhase section */
		AD0AE5E22FBC37A60062573E /* Frameworks */ = {
			isa = PBXFrameworksBuildPhase;
			buildActionMask = 2147483647;
			files = (
			);
			runOnlyForDeploymentPostprocessing = 0;
		};
		AD0AE5EF2FBC37A80062573E /* Frameworks */ = {
			isa = PBXFrameworksBuildPhase;
			buildActionMask = 2147483647;
			files = (
			);
			runOnlyForDeploymentPostprocessing = 0;
		};
		AD0AE5F92FBC37A80062573E /* Frameworks */ = {
			isa = PBXFrameworksBuildPhase;
			buildActionMask = 2147483647;
			files = (
			);
			runOnlyForDeploymentPostprocessing = 0;
		};
/* End PBXFrameworksBuildPhase section */

/* Begin PBXGroup section */
		AD0AE5DC2FBC37A60062573E = {
			isa = PBXGroup;
			children = (
				AD2F1AD32FBD9DCF00F8F749 /* Config.xcconfig */,
				AD0AE6182FBC8A590062573E /* README.md */,
				AD0AE5E72FBC37A60062573E /* blogView */,
				AD0AE5F52FBC37A80062573E /* blogViewTests */,
				AD0AE5FF2FBC37A80062573E /* blogViewUITests */,
				AD0AE5E62FBC37A60062573E /* Products */,
			);
			sourceTree = "<group>";
		};
		AD0AE5E62FBC37A60062573E /* Products */ = {
			isa = PBXGroup;
			children = (
				AD0AE5E52FBC37A60062573E /* blogView.app */,
				AD0AE5F22FBC37A80062573E /* blogViewTests.xctest */,
				AD0AE5FC2FBC37A80062573E /* blogViewUITests.xctest */,
			);
			name = Products;
			sourceTree = "<group>";
		};
/* End PBXGroup section */

/* Begin PBXNativeTarget section */
		AD0AE5E42FBC37A60062573E /* blogView */ = {
			isa = PBXNativeTarget;
			buildConfigurationList = AD0AE6062FBC37A80062573E /* Build configuration list for PBXNativeTarget "blogView" */;
			buildPhases = (
				AD0AE5E12FBC37A60062573E /* Sources */,
				AD0AE5E22FBC37A60062573E /* Frameworks */,
				AD0AE5E32FBC37A60062573E /* Resources */,
			);
			buildRules = (
			);
			dependencies = (
			);
			fileSystemSynchronizedGroups = (
				AD0AE5E72FBC37A60062573E /* blogView */,
			);
			name = blogView;
			packageProductDependencies = (
			);
			productName = blogView;
			productReference = AD0AE5E52FBC37A60062573E /* blogView.app */;
			productType = "com.apple.product-type.application";
		};
		AD0AE5F12FBC37A80062573E /* blogViewTests */ = {
			isa = PBXNativeTarget;
			buildConfigurationList = AD0AE6092FBC37A80062573E /* Build configuration list for PBXNativeTarget "blogViewTests" */;
			buildPhases = (
				AD0AE5EE2FBC37A80062573E /* Sources */,
				AD0AE5EF2FBC37A80062573E /* Frameworks */,
				AD0AE5F02FBC37A80062573E /* Resources */,
			);
			buildRules = (
			);
			dependencies = (
				AD0AE5F42FBC37A80062573E /* PBXTargetDependency */,
			);
			fileSystemSynchronizedGroups = (
				AD0AE5F52FBC37A80062573E /* blogViewTests */,
			);
			name = blogViewTests;
			packageProductDependencies = (
			);
			productName = blogViewTests;
			productReference = AD0AE5F22FBC37A80062573E /* blogViewTests.xctest */;
			productType = "com.apple.product-type.bundle.unit-test";
		};
		AD0AE5FB2FBC37A80062573E /* blogViewUITests */ = {
			isa = PBXNativeTarget;
			buildConfigurationList = AD0AE60C2FBC37A80062573E /* Build configuration list for PBXNativeTarget "blogViewUITests" */;
			buildPhases = (
				AD0AE5F82FBC37A80062573E /* Sources */,
				AD0AE5F92FBC37A80062573E /* Frameworks */,
				AD0AE5FA2FBC37A80062573E /* Resources */,
			);
			buildRules = (
			);
			dependencies = (
				AD0AE5FE2FBC37A80062573E /* PBXTargetDependency */,
			);
			fileSystemSynchronizedGroups = (
				AD0AE5FF2FBC37A80062573E /* blogViewUITests */,
			);
			name = blogViewUITests;
			packageProductDependencies = (
			);
			productName = blogViewUITests;
			productReference = AD0AE5FC2FBC37A80062573E /* blogViewUITests.xctest */;
			productType = "com.apple.product-type.bundle.ui-testing";
		};
/* End PBXNativeTarget section */

/* Begin PBXProject section */
		AD0AE5DD2FBC37A60062573E /* Project object */ = {
			isa = PBXProject;
			attributes = {
				BuildIndependentTargetsInParallel = 1;
				LastSwiftUpdateCheck = 2620;
				LastUpgradeCheck = 2620;
				TargetAttributes = {
					AD0AE5E42FBC37A60062573E = {
						CreatedOnToolsVersion = 26.2;
					};
					AD0AE5F12FBC37A80062573E = {
						CreatedOnToolsVersion = 26.2;
						TestTargetID = AD0AE5E42FBC37A60062573E;
					};
					AD0AE5FB2FBC37A80062573E = {
						CreatedOnToolsVersion = 26.2;
						TestTargetID = AD0AE5E42FBC37A60062573E;
					};
				};
			};
			buildConfigurationList = AD0AE5E02FBC37A60062573E /* Build configuration list for PBXProject "blogView" */;
			developmentRegion = en;
			hasScannedForEncodings = 0;
			knownRegions = (
				en,
				Base,
			);
			mainGroup = AD0AE5DC2FBC37A60062573E;
			minimizedProjectReferenceProxies = 1;
			preferredProjectObjectVersion = 77;
			productRefGroup = AD0AE5E62FBC37A60062573E /* Products */;
			projectDirPath = "";
			projectRoot = "";
			targets = (
				AD0AE5E42FBC37A60062573E /* blogView */,
				AD0AE5F12FBC37A80062573E /* blogViewTests */,
				AD0AE5FB2FBC37A80062573E /* blogViewUITests */,
			);
		};
/* End PBXProject section */

/* Begin PBXResourcesBuildPhase section */
		AD0AE5E32FBC37A60062573E /* Resources */ = {
			isa = PBXResourcesBuildPhase;
			buildActionMask = 2147483647;
			files = (
				AD2F1AD42FBD9DCF00F8F749 /* Config.xcconfig in Resources */,
				AD0AE6192FBC8A590062573E /* README.md in Resources */,
			);
			runOnlyForDeploymentPostprocessing = 0;
		};
		AD0AE5F02FBC37A80062573E /* Resources */ = {
			isa = PBXResourcesBuildPhase;
			buildActionMask = 2147483647;
			files = (
			);
			runOnlyForDeploymentPostprocessing = 0;
		};
		AD0AE5FA2FBC37A80062573E /* Resources */ = {
			isa = PBXResourcesBuildPhase;
			buildActionMask = 2147483647;
			files = (
			);
			runOnlyForDeploymentPostprocessing = 0;
		};
/* End PBXResourcesBuildPhase section */

/* Begin PBXSourcesBuildPhase section */
		AD0AE5E12FBC37A60062573E /* Sources */ = {
			isa = PBXSourcesBuildPhase;
			buildActionMask = 2147483647;
			files = (
			);
			runOnlyForDeploymentPostprocessing = 0;
		};
		AD0AE5EE2FBC37A80062573E /* Sources */ = {
			isa = PBXSourcesBuildPhase;
			buildActionMask = 2147483647;
			files = (
			);
			runOnlyForDeploymentPostprocessing = 0;
		};
		AD0AE5F82FBC37A80062573E /* Sources */ = {
			isa = PBXSourcesBuildPhase;
			buildActionMask = 2147483647;
			files = (
			);
			runOnlyForDeploymentPostprocessing = 0;
		};
/* End PBXSourcesBuildPhase section */

/* Begin PBXTargetDependency section */
		AD0AE5F42FBC37A80062573E /* PBXTargetDependency */ = {
			isa = PBXTargetDependency;
			target = AD0AE5E42FBC37A60062573E /* blogView */;
			targetProxy = AD0AE5F32FBC37A80062573E /* PBXContainerItemProxy */;
		};
		AD0AE5FE2FBC37A80062573E /* PBXTargetDependency */ = {
			isa = PBXTargetDependency;
			target = AD0AE5E42FBC37A60062573E /* blogView */;
			targetProxy = AD0AE5FD2FBC37A80062573E /* PBXContainerItemProxy */;
		};
/* End PBXTargetDependency section */

/* Begin XCBuildConfiguration section */
		AD0AE6042FBC37A80062573E /* Debug */ = {
			isa = XCBuildConfiguration;
			baseConfigurationReference = AD2F1AD32FBD9DCF00F8F749 /* Config.xcconfig */;
			buildSettings = {
				ALWAYS_SEARCH_USER_PATHS = NO;
				ASSETCATALOG_COMPILER_GENERATE_SWIFT_ASSET_SYMBOL_EXTENSIONS = YES;
				CLANG_ANALYZER_NONNULL = YES;
				CLANG_ANALYZER_NUMBER_OBJECT_CONVERSION = YES_AGGRESSIVE;
				CLANG_CXX_LANGUAGE_STANDARD = "gnu++20";
				CLANG_ENABLE_MODULES = YES;
				CLANG_ENABLE_OBJC_ARC = YES;
				CLANG_ENABLE_OBJC_WEAK = YES;
				CLANG_WARN_BLOCK_CAPTURE_AUTORELEASING = YES;
				CLANG_WARN_BOOL_CONVERSION = YES;
				CLANG_WARN_COMMA = YES;
				CLANG_WARN_CONSTANT_CONVERSION = YES;
				CLANG_WARN_DEPRECATED_OBJC_IMPLEMENTATIONS = YES;
				CLANG_WARN_DIRECT_OBJC_ISA_USAGE = YES_ERROR;
				CLANG_WARN_DOCUMENTATION_COMMENTS = YES;
				CLANG_WARN_EMPTY_BODY = YES;
				CLANG_WARN_ENUM_CONVERSION = YES;
				CLANG_WARN_INFINITE_RECURSION = YES;
				CLANG_WARN_INT_CONVERSION = YES;
				CLANG_WARN_NON_LITERAL_NULL_CONVERSION = YES;
				CLANG_WARN_OBJC_IMPLICIT_RETAIN_SELF = YES;
				CLANG_WARN_OBJC_LITERAL_CONVERSION = YES;
				CLANG_WARN_OBJC_ROOT_CLASS = YES_ERROR;
				CLANG_WARN_QUOTED_INCLUDE_IN_FRAMEWORK_HEADER = YES;
				CLANG_WARN_RANGE_LOOP_ANALYSIS = YES;
				CLANG_WARN_STRICT_PROTOTYPES = YES;
				CLANG_WARN_SUSPICIOUS_MOVE = YES;
				CLANG_WARN_UNGUARDED_AVAILABILITY = YES_AGGRESSIVE;
				CLANG_WARN_UNREACHABLE_CODE = YES;
				CLANG_WARN__DUPLICATE_METHOD_MATCH = YES;
				COPY_PHASE_STRIP = NO;
				DEBUG_INFORMATION_FORMAT = dwarf;
				ENABLE_STRICT_OBJC_MSGSEND = YES;
				ENABLE_TESTABILITY = YES;
				ENABLE_USER_SCRIPT_SANDBOXING = YES;
				GCC_C_LANGUAGE_STANDARD = gnu17;
				GCC_DYNAMIC_NO_PIC = NO;
				GCC_NO_COMMON_BLOCKS = YES;
				GCC_OPTIMIZATION_LEVEL = 0;
				GCC_PREPROCESSOR_DEFINITIONS = (
					"DEBUG=1",
					"$(inherited)",
				);
				GCC_WARN_64_TO_32_BIT_CONVERSION = YES;
				GCC_WARN_ABOUT_RETURN_TYPE = YES_ERROR;
				GCC_WARN_UNDECLARED_SELECTOR = YES;
				GCC_WARN_UNINITIALIZED_AUTOS = YES_AGGRESSIVE;
				GCC_WARN_UNUSED_FUNCTION = YES;
				GCC_WARN_UNUSED_VARIABLE = YES;
				IPHONEOS_DEPLOYMENT_TARGET = 26.2;
				LOCALIZATION_PREFERS_STRING_CATALOGS = YES;
				MTL_ENABLE_DEBUG_INFO = INCLUDE_SOURCE;
				MTL_FAST_MATH = YES;
				ONLY_ACTIVE_ARCH = YES;
				SDKROOT = iphoneos;
				SWIFT_ACTIVE_COMPILATION_CONDITIONS = "DEBUG $(inherited)";
				SWIFT_OPTIMIZATION_LEVEL = "-Onone";
			};
			name = Debug;
		};
		AD0AE6052FBC37A80062573E /* Release */ = {
			isa = XCBuildConfiguration;
			buildSettings = {
				ALWAYS_SEARCH_USER_PATHS = NO;
				ASSETCATALOG_COMPILER_GENERATE_SWIFT_ASSET_SYMBOL_EXTENSIONS = YES;
				CLANG_ANALYZER_NONNULL = YES;
				CLANG_ANALYZER_NUMBER_OBJECT_CONVERSION = YES_AGGRESSIVE;
				CLANG_CXX_LANGUAGE_STANDARD = "gnu++20";
				CLANG_ENABLE_MODULES = YES;
				CLANG_ENABLE_OBJC_ARC = YES;
				CLANG_ENABLE_OBJC_WEAK = YES;
				CLANG_WARN_BLOCK_CAPTURE_AUTORELEASING = YES;
				CLANG_WARN_BOOL_CONVERSION = YES;
				CLANG_WARN_COMMA = YES;
				CLANG_WARN_CONSTANT_CONVERSION = YES;
				CLANG_WARN_DEPRECATED_OBJC_IMPLEMENTATIONS = YES;
				CLANG_WARN_DIRECT_OBJC_ISA_USAGE = YES_ERROR;
				CLANG_WARN_DOCUMENTATION_COMMENTS = YES;
				CLANG_WARN_EMPTY_BODY = YES;
				CLANG_WARN_ENUM_CONVERSION = YES;
				CLANG_WARN_INFINITE_RECURSION = YES;
				CLANG_WARN_INT_CONVERSION = YES;
				CLANG_WARN_NON_LITERAL_NULL_CONVERSION = YES;
				CLANG_WARN_OBJC_IMPLICIT_RETAIN_SELF = YES;
				CLANG_WARN_OBJC_LITERAL_CONVERSION = YES;
				CLANG_WARN_OBJC_ROOT_CLASS = YES_ERROR;
				CLANG_WARN_QUOTED_INCLUDE_IN_FRAMEWORK_HEADER = YES;
				CLANG_WARN_RANGE_LOOP_ANALYSIS = YES;
				CLANG_WARN_STRICT_PROTOTYPES = YES;
				CLANG_WARN_SUSPICIOUS_MOVE = YES;
				CLANG_WARN_UNGUARDED_AVAILABILITY = YES_AGGRESSIVE;
				CLANG_WARN_UNREACHABLE_CODE = YES;
				CLANG_WARN__DUPLICATE_METHOD_MATCH = YES;
				COPY_PHASE_STRIP = NO;
				DEBUG_INFORMATION_FORMAT = "dwarf-with-dsym";
				ENABLE_NS_ASSERTIONS = NO;
				ENABLE_STRICT_OBJC_MSGSEND = YES;
				ENABLE_USER_SCRIPT_SANDBOXING = YES;
				GCC_C_LANGUAGE_STANDARD = gnu17;
				GCC_NO_COMMON_BLOCKS = YES;
				GCC_WARN_64_TO_32_BIT_CONVERSION = YES;
				GCC_WARN_ABOUT_RETURN_TYPE = YES_ERROR;
				GCC_WARN_UNDECLARED_SELECTOR = YES;
				GCC_WARN_UNINITIALIZED_AUTOS = YES_AGGRESSIVE;
				GCC_WARN_UNUSED_FUNCTION = YES;
				GCC_WARN_UNUSED_VARIABLE = YES;
				IPHONEOS_DEPLOYMENT_TARGET = 26.2;
				LOCALIZATION_PREFERS_STRING_CATALOGS = YES;
				MTL_ENABLE_DEBUG_INFO = NO;
				MTL_FAST_MATH = YES;
				SDKROOT = iphoneos;
				SWIFT_COMPILATION_MODE = wholemodule;
				VALIDATE_PRODUCT = YES;
			};
			name = Release;
		};
		AD0AE6072FBC37A80062573E /* Debug */ = {
			isa = XCBuildConfiguration;
			baseConfigurationReference = AD2F1AD32FBD9DCF00F8F749 /* Config.xcconfig */;
			buildSettings = {
				ASSETCATALOG_COMPILER_APPICON_NAME = AppIcon;
				ASSETCATALOG_COMPILER_GLOBAL_ACCENT_COLOR_NAME = AccentColor;
				CODE_SIGN_STYLE = Automatic;
				CURRENT_PROJECT_VERSION = 1;
				ENABLE_PREVIEWS = YES;
				GENERATE_INFOPLIST_FILE = YES;
				INFOPLIST_FILE = blogView/Info.plist;
				INFOPLIST_KEY_UIApplicationSceneManifest_Generation = YES;
				INFOPLIST_KEY_UIApplicationSupportsIndirectInputEvents = YES;
				INFOPLIST_KEY_UILaunchScreen_Generation = YES;
				INFOPLIST_KEY_UISupportedInterfaceOrientations_iPad = "UIInterfaceOrientationPortrait UIInterfaceOrientationPortraitUpsideDown UIInterfaceOrientationLandscapeLeft UIInterfaceOrientationLandscapeRight";
				INFOPLIST_KEY_UISupportedInterfaceOrientations_iPhone = "UIInterfaceOrientationPortrait UIInterfaceOrientationLandscapeLeft UIInterfaceOrientationLandscapeRight";
				INFOPLIST_PREPROCESS = NO;
				LD_RUNPATH_SEARCH_PATHS = (
					"$(inherited)",
					"@executable_path/Frameworks",
				);
				MARKETING_VERSION = 1.0;
				NEW_SETTING = "";
				PRODUCT_BUNDLE_IDENTIFIER = dul.blogView;
				PRODUCT_NAME = "$(TARGET_NAME)";
				STRING_CATALOG_GENERATE_SYMBOLS = YES;
				SWIFT_APPROACHABLE_CONCURRENCY = YES;
				SWIFT_DEFAULT_ACTOR_ISOLATION = MainActor;
				SWIFT_EMIT_LOC_STRINGS = YES;
				SWIFT_UPCOMING_FEATURE_MEMBER_IMPORT_VISIBILITY = YES;
				SWIFT_VERSION = 5.0;
				TARGETED_DEVICE_FAMILY = "1,2";
			};
			name = Debug;
		};
		AD0AE6082FBC37A80062573E /* Release */ = {
			isa = XCBuildConfiguration;
			buildSettings = {
				ASSETCATALOG_COMPILER_APPICON_NAME = AppIcon;
				ASSETCATALOG_COMPILER_GLOBAL_ACCENT_COLOR_NAME = AccentColor;
				CODE_SIGN_STYLE = Automatic;
				CURRENT_PROJECT_VERSION = 1;
				ENABLE_PREVIEWS = YES;
				GENERATE_INFOPLIST_FILE = YES;
				INFOPLIST_FILE = blogView/Info.plist;
				INFOPLIST_KEY_UIApplicationSceneManifest_Generation = YES;
				INFOPLIST_KEY_UIApplicationSupportsIndirectInputEvents = YES;
				INFOPLIST_KEY_UILaunchScreen_Generation = YES;
				INFOPLIST_KEY_UISupportedInterfaceOrientations_iPad = "UIInterfaceOrientationPortrait UIInterfaceOrientationPortraitUpsideDown UIInterfaceOrientationLandscapeLeft UIInterfaceOrientationLandscapeRight";
				INFOPLIST_KEY_UISupportedInterfaceOrientations_iPhone = "UIInterfaceOrientationPortrait UIInterfaceOrientationLandscapeLeft UIInterfaceOrientationLandscapeRight";
				INFOPLIST_PREPROCESS = NO;
				LD_RUNPATH_SEARCH_PATHS = (
					"$(inherited)",
					"@executable_path/Frameworks",
				);
				MARKETING_VERSION = 1.0;
				NEW_SETTING = "";
				PRODUCT_BUNDLE_IDENTIFIER = dul.blogView;
				PRODUCT_NAME = "$(TARGET_NAME)";
				STRING_CATALOG_GENERATE_SYMBOLS = YES;
				SWIFT_APPROACHABLE_CONCURRENCY = YES;
				SWIFT_DEFAULT_ACTOR_ISOLATION = MainActor;
				SWIFT_EMIT_LOC_STRINGS = YES;
				SWIFT_UPCOMING_FEATURE_MEMBER_IMPORT_VISIBILITY = YES;
				SWIFT_VERSION = 5.0;
				TARGETED_DEVICE_FAMILY = "1,2";
			};
			name = Release;
		};
		AD0AE60A2FBC37A80062573E /* Debug */ = {
			isa = XCBuildConfiguration;
			buildSettings = {
				BUNDLE_LOADER = "$(TEST_HOST)";
				CODE_SIGN_STYLE = Automatic;
				CURRENT_PROJECT_VERSION = 1;
				GENERATE_INFOPLIST_FILE = YES;
				IPHONEOS_DEPLOYMENT_TARGET = 26.2;
				MARKETING_VERSION = 1.0;
				PRODUCT_BUNDLE_IDENTIFIER = dul.blogViewTests;
				PRODUCT_NAME = "$(TARGET_NAME)";
				STRING_CATALOG_GENERATE_SYMBOLS = NO;
				SWIFT_APPROACHABLE_CONCURRENCY = YES;
				SWIFT_EMIT_LOC_STRINGS = NO;
				SWIFT_UPCOMING_FEATURE_MEMBER_IMPORT_VISIBILITY = YES;
				SWIFT_VERSION = 5.0;
				TARGETED_DEVICE_FAMILY = "1,2";
				TEST_HOST = "$(BUILT_PRODUCTS_DIR)/blogView.app/$(BUNDLE_EXECUTABLE_FOLDER_PATH)/blogView";
			};
			name = Debug;
		};
		AD0AE60B2FBC37A80062573E /* Release */ = {
			isa = XCBuildConfiguration;
			buildSettings = {
				BUNDLE_LOADER = "$(TEST_HOST)";
				CODE_SIGN_STYLE = Automatic;
				CURRENT_PROJECT_VERSION = 1;
				GENERATE_INFOPLIST_FILE = YES;
				IPHONEOS_DEPLOYMENT_TARGET = 26.2;
				MARKETING_VERSION = 1.0;
				PRODUCT_BUNDLE_IDENTIFIER = dul.blogViewTests;
				PRODUCT_NAME = "$(TARGET_NAME)";
				STRING_CATALOG_GENERATE_SYMBOLS = NO;
				SWIFT_APPROACHABLE_CONCURRENCY = YES;
				SWIFT_EMIT_LOC_STRINGS = NO;
				SWIFT_UPCOMING_FEATURE_MEMBER_IMPORT_VISIBILITY = YES;
				SWIFT_VERSION = 5.0;
				TARGETED_DEVICE_FAMILY = "1,2";
				TEST_HOST = "$(BUILT_PRODUCTS_DIR)/blogView.app/$(BUNDLE_EXECUTABLE_FOLDER_PATH)/blogView";
			};
			name = Release;
		};
		AD0AE60D2FBC37A80062573E /* Debug */ = {
			isa = XCBuildConfiguration;
			buildSettings = {
				CODE_SIGN_STYLE = Automatic;
				CURRENT_PROJECT_VERSION = 1;
				GENERATE_INFOPLIST_FILE = YES;
				MARKETING_VERSION = 1.0;
				PRODUCT_BUNDLE_IDENTIFIER = dul.blogViewUITests;
				PRODUCT_NAME = "$(TARGET_NAME)";
				STRING_CATALOG_GENERATE_SYMBOLS = NO;
				SWIFT_APPROACHABLE_CONCURRENCY = YES;
				SWIFT_EMIT_LOC_STRINGS = NO;
				SWIFT_UPCOMING_FEATURE_MEMBER_IMPORT_VISIBILITY = YES;
				SWIFT_VERSION = 5.0;
				TARGETED_DEVICE_FAMILY = "1,2";
				TEST_TARGET_NAME = blogView;
			};
			name = Debug;
		};
		AD0AE60E2FBC37A80062573E /* Release */ = {
			isa = XCBuildConfiguration;
			buildSettings = {
				CODE_SIGN_STYLE = Automatic;
				CURRENT_PROJECT_VERSION = 1;
				GENERATE_INFOPLIST_FILE = YES;
				MARKETING_VERSION = 1.0;
				PRODUCT_BUNDLE_IDENTIFIER = dul.blogViewUITests;
				PRODUCT_NAME = "$(TARGET_NAME)";
				STRING_CATALOG_GENERATE_SYMBOLS = NO;
				SWIFT_APPROACHABLE_CONCURRENCY = YES;
				SWIFT_EMIT_LOC_STRINGS = NO;
				SWIFT_UPCOMING_FEATURE_MEMBER_IMPORT_VISIBILITY = YES;
				SWIFT_VERSION = 5.0;
				TARGETED_DEVICE_FAMILY = "1,2";
				TEST_TARGET_NAME = blogView;
			};
			name = Release;
		};
/* End XCBuildConfiguration section */

/* Begin XCConfigurationList section */
		AD0AE5E02FBC37A60062573E /* Build configuration list for PBXProject "blogView" */ = {
			isa = XCConfigurationList;
			buildConfigurations = (
				AD0AE6042FBC37A80062573E /* Debug */,
				AD0AE6052FBC37A80062573E /* Release */,
			);
			defaultConfigurationIsVisible = 0;
			defaultConfigurationName = Release;
		};
		AD0AE6062FBC37A80062573E /* Build configuration list for PBXNativeTarget "blogView" */ = {
			isa = XCConfigurationList;
			buildConfigurations = (
				AD0AE6072FBC37A80062573E /* Debug */,
				AD0AE6082FBC37A80062573E /* Release */,
			);
			defaultConfigurationIsVisible = 0;
			defaultConfigurationName = Release;
		};
		AD0AE6092FBC37A80062573E /* Build configuration list for PBXNativeTarget "blogViewTests" */ = {
			isa = XCConfigurationList;
			buildConfigurations = (
				AD0AE60A2FBC37A80062573E /* Debug */,
				AD0AE60B2FBC37A80062573E /* Release */,
			);
			defaultConfigurationIsVisible = 0;
			defaultConfigurationName = Release;
		};
		AD0AE60C2FBC37A80062573E /* Build configuration list for PBXNativeTarget "blogViewUITests" */ = {
			isa = XCConfigurationList;
			buildConfigurations = (
				AD0AE60D2FBC37A80062573E /* Debug */,
				AD0AE60E2FBC37A80062573E /* Release */,
			);
			defaultConfigurationIsVisible = 0;
			defaultConfigurationName = Release;
		};
/* End XCConfigurationList section */
	};
	rootObject = AD0AE5DD2FBC37A60062573E /* Project object */;
}
