// !$*UTF8*$!
{
	archiveVersion = 1;
	classes = {
	};
	objectVersion = 77;
	objects = {

/* Begin PBXContainerItemProxy section */
		ADD9305F2F46EC0000F4D128 /* PBXContainerItemProxy */ = {
			isa = PBXContainerItemProxy;
			containerPortal = ADD930492F46EBFE00F4D128 /* Project object */;
			proxyType = 1;
			remoteGlobalIDString = ADD930502F46EBFE00F4D128;
			remoteInfo = "SaveImage-fileManager";
		};
		ADD930692F46EC0000F4D128 /* PBXContainerItemProxy */ = {
			isa = PBXContainerItemProxy;
			containerPortal = ADD930492F46EBFE00F4D128 /* Project object */;
			proxyType = 1;
			remoteGlobalIDString = ADD930502F46EBFE00F4D128;
			remoteInfo = "SaveImage-fileManager";
		};
/* End PBXContainerItemProxy section */

/* Begin PBXFileReference section */
		ADD930512F46EBFE00F4D128 /* SaveImage-fileManager.app */ = {isa = PBXFileReference; explicitFileType = wrapper.application; includeInIndex = 0; path = "SaveImage-fileManager.app"; sourceTree = BUILT_PRODUCTS_DIR; };
		ADD9305E2F46EC0000F4D128 /* SaveImage-fileManagerTests.xctest */ = {isa = PBXFileReference; explicitFileType = wrapper.cfbundle; includeInIndex = 0; path = "SaveImage-fileManagerTests.xctest"; sourceTree = BUILT_PRODUCTS_DIR; };
		ADD930682F46EC0000F4D128 /* SaveImage-fileManagerUITests.xctest */ = {isa = PBXFileReference; explicitFileType = wrapper.cfbundle; includeInIndex = 0; path = "SaveImage-fileManagerUITests.xctest"; sourceTree = BUILT_PRODUCTS_DIR; };
/* End PBXFileReference section */

/* Begin PBXFileSystemSynchronizedRootGroup section */
		ADD930532F46EBFE00F4D128 /* SaveImage-fileManager */ = {
			isa = PBXFileSystemSynchronizedRootGroup;
			path = "SaveImage-fileManager";
			sourceTree = "<group>";
		};
		ADD930612F46EC0000F4D128 /* SaveImage-fileManagerTests */ = {
			isa = PBXFileSystemSynchronizedRootGroup;
			path = "SaveImage-fileManagerTests";
			sourceTree = "<group>";
		};
		ADD9306B2F46EC0000F4D128 /* SaveImage-fileManagerUITests */ = {
			isa = PBXFileSystemSynchronizedRootGroup;
			path = "SaveImage-fileManagerUITests";
			sourceTree = "<group>";
		};
/* End PBXFileSystemSynchronizedRootGroup section */

/* Begin PBXFrameworksBuildPhase section */
		ADD9304E2F46EBFE00F4D128 /* Frameworks */ = {
			isa = PBXFrameworksBuildPhase;
			buildActionMask = 2147483647;
			files = (
			);
			runOnlyForDeploymentPostprocessing = 0;
		};
		ADD9305B2F46EC0000F4D128 /* Frameworks */ = {
			isa = PBXFrameworksBuildPhase;
			buildActionMask = 2147483647;
			files = (
			);
			runOnlyForDeploymentPostprocessing = 0;
		};
		ADD930652F46EC0000F4D128 /* Frameworks */ = {
			isa = PBXFrameworksBuildPhase;
			buildActionMask = 2147483647;
			files = (
			);
			runOnlyForDeploymentPostprocessing = 0;
		};
/* End PBXFrameworksBuildPhase section */

/* Begin PBXGroup section */
		ADD930482F46EBFE00F4D128 = {
			isa = PBXGroup;
			children = (
				ADD930532F46EBFE00F4D128 /* SaveImage-fileManager */,
				ADD930612F46EC0000F4D128 /* SaveImage-fileManagerTests */,
				ADD9306B2F46EC0000F4D128 /* SaveImage-fileManagerUITests */,
				ADD930522F46EBFE00F4D128 /* Products */,
			);
			sourceTree = "<group>";
		};
		ADD930522F46EBFE00F4D128 /* Products */ = {
			isa = PBXGroup;
			children = (
				ADD930512F46EBFE00F4D128 /* SaveImage-fileManager.app */,
				ADD9305E2F46EC0000F4D128 /* SaveImage-fileManagerTests.xctest */,
				ADD930682F46EC0000F4D128 /* SaveImage-fileManagerUITests.xctest */,
			);
			name = Products;
			sourceTree = "<group>";
		};
/* End PBXGroup section */

/* Begin PBXNativeTarget section */
		ADD930502F46EBFE00F4D128 /* SaveImage-fileManager */ = {
			isa = PBXNativeTarget;
			buildConfigurationList = ADD930722F46EC0000F4D128 /* Build configuration list for PBXNativeTarget "SaveImage-fileManager" */;
			buildPhases = (
				ADD9304D2F46EBFE00F4D128 /* Sources */,
				ADD9304E2F46EBFE00F4D128 /* Frameworks */,
				ADD9304F2F46EBFE00F4D128 /* Resources */,
			);
			buildRules = (
			);
			dependencies = (
			);
			fileSystemSynchronizedGroups = (
				ADD930532F46EBFE00F4D128 /* SaveImage-fileManager */,
			);
			name = "SaveImage-fileManager";
			packageProductDependencies = (
			);
			productName = "SaveImage-fileManager";
			productReference = ADD930512F46EBFE00F4D128 /* SaveImage-fileManager.app */;
			productType = "com.apple.product-type.application";
		};
		ADD9305D2F46EC0000F4D128 /* SaveImage-fileManagerTests */ = {
			isa = PBXNativeTarget;
			buildConfigurationList = ADD930752F46EC0000F4D128 /* Build configuration list for PBXNativeTarget "SaveImage-fileManagerTests" */;
			buildPhases = (
				ADD9305A2F46EC0000F4D128 /* Sources */,
				ADD9305B2F46EC0000F4D128 /* Frameworks */,
				ADD9305C2F46EC0000F4D128 /* Resources */,
			);
			buildRules = (
			);
			dependencies = (
				ADD930602F46EC0000F4D128 /* PBXTargetDependency */,
			);
			fileSystemSynchronizedGroups = (
				ADD930612F46EC0000F4D128 /* SaveImage-fileManagerTests */,
			);
			name = "SaveImage-fileManagerTests";
			packageProductDependencies = (
			);
			productName = "SaveImage-fileManagerTests";
			productReference = ADD9305E2F46EC0000F4D128 /* SaveImage-fileManagerTests.xctest */;
			productType = "com.apple.product-type.bundle.unit-test";
		};
		ADD930672F46EC0000F4D128 /* SaveImage-fileManagerUITests */ = {
			isa = PBXNativeTarget;
			buildConfigurationList = ADD930782F46EC0000F4D128 /* Build configuration list for PBXNativeTarget "SaveImage-fileManagerUITests" */;
			buildPhases = (
				ADD930642F46EC0000F4D128 /* Sources */,
				ADD930652F46EC0000F4D128 /* Frameworks */,
				ADD930662F46EC0000F4D128 /* Resources */,
			);
			buildRules = (
			);
			dependencies = (
				ADD9306A2F46EC0000F4D128 /* PBXTargetDependency */,
			);
			fileSystemSynchronizedGroups = (
				ADD9306B2F46EC0000F4D128 /* SaveImage-fileManagerUITests */,
			);
			name = "SaveImage-fileManagerUITests";
			packageProductDependencies = (
			);
			productName = "SaveImage-fileManagerUITests";
			productReference = ADD930682F46EC0000F4D128 /* SaveImage-fileManagerUITests.xctest */;
			productType = "com.apple.product-type.bundle.ui-testing";
		};
/* End PBXNativeTarget section */

/* Begin PBXProject section */
		ADD930492F46EBFE00F4D128 /* Project object */ = {
			isa = PBXProject;
			attributes = {
				BuildIndependentTargetsInParallel = 1;
				LastSwiftUpdateCheck = 2620;
				LastUpgradeCheck = 2620;
				TargetAttributes = {
					ADD930502F46EBFE00F4D128 = {
						CreatedOnToolsVersion = 26.2;
					};
					ADD9305D2F46EC0000F4D128 = {
						CreatedOnToolsVersion = 26.2;
						TestTargetID = ADD930502F46EBFE00F4D128;
					};
					ADD930672F46EC0000F4D128 = {
						CreatedOnToolsVersion = 26.2;
						TestTargetID = ADD930502F46EBFE00F4D128;
					};
				};
			};
			buildConfigurationList = ADD9304C2F46EBFE00F4D128 /* Build configuration list for PBXProject "SaveImage-fileManager" */;
			developmentRegion = en;
			hasScannedForEncodings = 0;
			knownRegions = (
				en,
				Base,
			);
			mainGroup = ADD930482F46EBFE00F4D128;
			minimizedProjectReferenceProxies = 1;
			preferredProjectObjectVersion = 77;
			productRefGroup = ADD930522F46EBFE00F4D128 /* Products */;
			projectDirPath = "";
			projectRoot = "";
			targets = (
				ADD930502F46EBFE00F4D128 /* SaveImage-fileManager */,
				ADD9305D2F46EC0000F4D128 /* SaveImage-fileManagerTests */,
				ADD930672F46EC0000F4D128 /* SaveImage-fileManagerUITests */,
			);
		};
/* End PBXProject section */

/* Begin PBXResourcesBuildPhase section */
		ADD9304F2F46EBFE00F4D128 /* Resources */ = {
			isa = PBXResourcesBuildPhase;
			buildActionMask = 2147483647;
			files = (
			);
			runOnlyForDeploymentPostprocessing = 0;
		};
		ADD9305C2F46EC0000F4D128 /* Resources */ = {
			isa = PBXResourcesBuildPhase;
			buildActionMask = 2147483647;
			files = (
			);
			runOnlyForDeploymentPostprocessing = 0;
		};
		ADD930662F46EC0000F4D128 /* Resources */ = {
			isa = PBXResourcesBuildPhase;
			buildActionMask = 2147483647;
			files = (
			);
			runOnlyForDeploymentPostprocessing = 0;
		};
/* End PBXResourcesBuildPhase section */

/* Begin PBXSourcesBuildPhase section */
		ADD9304D2F46EBFE00F4D128 /* Sources */ = {
			isa = PBXSourcesBuildPhase;
			buildActionMask = 2147483647;
			files = (
			);
			runOnlyForDeploymentPostprocessing = 0;
		};
		ADD9305A2F46EC0000F4D128 /* Sources */ = {
			isa = PBXSourcesBuildPhase;
			buildActionMask = 2147483647;
			files = (
			);
			runOnlyForDeploymentPostprocessing = 0;
		};
		ADD930642F46EC0000F4D128 /* Sources */ = {
			isa = PBXSourcesBuildPhase;
			buildActionMask = 2147483647;
			files = (
			);
			runOnlyForDeploymentPostprocessing = 0;
		};
/* End PBXSourcesBuildPhase section */

/* Begin PBXTargetDependency section */
		ADD930602F46EC0000F4D128 /* PBXTargetDependency */ = {
			isa = PBXTargetDependency;
			target = ADD930502F46EBFE00F4D128 /* SaveImage-fileManager */;
			targetProxy = ADD9305F2F46EC0000F4D128 /* PBXContainerItemProxy */;
		};
		ADD9306A2F46EC0000F4D128 /* PBXTargetDependency */ = {
			isa = PBXTargetDependency;
			target = ADD930502F46EBFE00F4D128 /* SaveImage-fileManager */;
			targetProxy = ADD930692F46EC0000F4D128 /* PBXContainerItemProxy */;
		};
/* End PBXTargetDependency section */

/* Begin XCBuildConfiguration section */
		ADD930702F46EC0000F4D128 /* Debug */ = {
			isa = XCBuildConfiguration;
			buildSettings = {
				ALWAYS_SEARCH_USER_PATHS = NO;
				ASSETCATALOG_COMPILER_GENERATE_SWIFT_ASSET_SYMBOL_EXTENSIONS = YES;
				CLANG_ANALYZER_NONNULL = YES;
				CLANG_ANALYZER_NUMBER_OBJECT_CONVERSION = YES_AGGRESSIVE;
				CLANG_CXX_LANGUAGE_STANDARD = "gnu++20";
				CLANG_ENABLE_MODULES = YES;
				CLANG_ENABLE_OBJC_ARC = YES;
				CLANG_ENABLE_OBJC_WEAK = YES;
				CLANG_WARN_BLOCK_CAPTURE_AUTORELEASING = YES;
				CLANG_WARN_BOOL_CONVERSION = YES;
				CLANG_WARN_COMMA = YES;
				CLANG_WARN_CONSTANT_CONVERSION = YES;
				CLANG_WARN_DEPRECATED_OBJC_IMPLEMENTATIONS = YES;
				CLANG_WARN_DIRECT_OBJC_ISA_USAGE = YES_ERROR;
				CLANG_WARN_DOCUMENTATION_COMMENTS = YES;
				CLANG_WARN_EMPTY_BODY = YES;
				CLANG_WARN_ENUM_CONVERSION = YES;
				CLANG_WARN_INFINITE_RECURSION = YES;
				CLANG_WARN_INT_CONVERSION = YES;
				CLANG_WARN_NON_LITERAL_NULL_CONVERSION = YES;
				CLANG_WARN_OBJC_IMPLICIT_RETAIN_SELF = YES;
				CLANG_WARN_OBJC_LITERAL_CONVERSION = YES;
				CLANG_WARN_OBJC_ROOT_CLASS = YES_ERROR;
				CLANG_WARN_QUOTED_INCLUDE_IN_FRAMEWORK_HEADER = YES;
				CLANG_WARN_RANGE_LOOP_ANALYSIS = YES;
				CLANG_WARN_STRICT_PROTOTYPES = YES;
				CLANG_WARN_SUSPICIOUS_MOVE = YES;
				CLANG_WARN_UNGUARDED_AVAILABILITY = YES_AGGRESSIVE;
				CLANG_WARN_UNREACHABLE_CODE = YES;
				CLANG_WARN__DUPLICATE_METHOD_MATCH = YES;
				COPY_PHASE_STRIP = NO;
				DEBUG_INFORMATION_FORMAT = dwarf;
				ENABLE_STRICT_OBJC_MSGSEND = YES;
				ENABLE_TESTABILITY = YES;
				ENABLE_USER_SCRIPT_SANDBOXING = YES;
				GCC_C_LANGUAGE_STANDARD = gnu17;
				GCC_DYNAMIC_NO_PIC = NO;
				GCC_NO_COMMON_BLOCKS = YES;
				GCC_OPTIMIZATION_LEVEL = 0;
				GCC_PREPROCESSOR_DEFINITIONS = (
					"DEBUG=1",
					"$(inherited)",
				);
				GCC_WARN_64_TO_32_BIT_CONVERSION = YES;
				GCC_WARN_ABOUT_RETURN_TYPE = YES_ERROR;
				GCC_WARN_UNDECLARED_SELECTOR = YES;
				GCC_WARN_UNINITIALIZED_AUTOS = YES_AGGRESSIVE;
				GCC_WARN_UNUSED_FUNCTION = YES;
				GCC_WARN_UNUSED_VARIABLE = YES;
				IPHONEOS_DEPLOYMENT_TARGET = 26.2;
				LOCALIZATION_PREFERS_STRING_CATALOGS = YES;
				MTL_ENABLE_DEBUG_INFO = INCLUDE_SOURCE;
				MTL_FAST_MATH = YES;
				ONLY_ACTIVE_ARCH = YES;
				SDKROOT = iphoneos;
				SWIFT_ACTIVE_COMPILATION_CONDITIONS = "DEBUG $(inherited)";
				SWIFT_OPTIMIZATION_LEVEL = "-Onone";
			};
			name = Debug;
		};
		ADD930712F46EC0000F4D128 /* Release */ = {
			isa = XCBuildConfiguration;
			buildSettings = {
				ALWAYS_SEARCH_USER_PATHS = NO;
				ASSETCATALOG_COMPILER_GENERATE_SWIFT_ASSET_SYMBOL_EXTENSIONS = YES;
				CLANG_ANALYZER_NONNULL = YES;
				CLANG_ANALYZER_NUMBER_OBJECT_CONVERSION = YES_AGGRESSIVE;
				CLANG_CXX_LANGUAGE_STANDARD = "gnu++20";
				CLANG_ENABLE_MODULES = YES;
				CLANG_ENABLE_OBJC_ARC = YES;
				CLANG_ENABLE_OBJC_WEAK = YES;
				CLANG_WARN_BLOCK_CAPTURE_AUTORELEASING = YES;
				CLANG_WARN_BOOL_CONVERSION = YES;
				CLANG_WARN_COMMA = YES;
				CLANG_WARN_CONSTANT_CONVERSION = YES;
				CLANG_WARN_DEPRECATED_OBJC_IMPLEMENTATIONS = YES;
				CLANG_WARN_DIRECT_OBJC_ISA_USAGE = YES_ERROR;
				CLANG_WARN_DOCUMENTATION_COMMENTS = YES;
				CLANG_WARN_EMPTY_BODY = YES;
				CLANG_WARN_ENUM_CONVERSION = YES;
				CLANG_WARN_INFINITE_RECURSION = YES;
				CLANG_WARN_INT_CONVERSION = YES;
				CLANG_WARN_NON_LITERAL_NULL_CONVERSION = YES;
				CLANG_WARN_OBJC_IMPLICIT_RETAIN_SELF = YES;
				CLANG_WARN_OBJC_LITERAL_CONVERSION = YES;
				CLANG_WARN_OBJC_ROOT_CLASS = YES_ERROR;
				CLANG_WARN_QUOTED_INCLUDE_IN_FRAMEWORK_HEADER = YES;
				CLANG_WARN_RANGE_LOOP_ANALYSIS = YES;
				CLANG_WARN_STRICT_PROTOTYPES = YES;
				CLANG_WARN_SUSPICIOUS_MOVE = YES;
				CLANG_WARN_UNGUARDED_AVAILABILITY = YES_AGGRESSIVE;
				CLANG_WARN_UNREACHABLE_CODE = YES;
				CLANG_WARN__DUPLICATE_METHOD_MATCH = YES;
				COPY_PHASE_STRIP = NO;
				DEBUG_INFORMATION_FORMAT = "dwarf-with-dsym";
				ENABLE_NS_ASSERTIONS = NO;
				ENABLE_STRICT_OBJC_MSGSEND = YES;
				ENABLE_USER_SCRIPT_SANDBOXING = YES;
				GCC_C_LANGUAGE_STANDARD = gnu17;
				GCC_NO_COMMON_BLOCKS = YES;
				GCC_WARN_64_TO_32_BIT_CONVERSION = YES;
				GCC_WARN_ABOUT_RETURN_TYPE = YES_ERROR;
				GCC_WARN_UNDECLARED_SELECTOR = YES;
				GCC_WARN_UNINITIALIZED_AUTOS = YES_AGGRESSIVE;
				GCC_WARN_UNUSED_FUNCTION = YES;
				GCC_WARN_UNUSED_VARIABLE = YES;
				IPHONEOS_DEPLOYMENT_TARGET = 26.2;
				LOCALIZATION_PREFERS_STRING_CATALOGS = YES;
				MTL_ENABLE_DEBUG_INFO = NO;
				MTL_FAST_MATH = YES;
				SDKROOT = iphoneos;
				SWIFT_COMPILATION_MODE = wholemodule;
				VALIDATE_PRODUCT = YES;
			};
			name = Release;
		};
		ADD930732F46EC0000F4D128 /* Debug */ = {
			isa = XCBuildConfiguration;
			buildSettings = {
				ASSETCATALOG_COMPILER_APPICON_NAME = AppIcon;
				ASSETCATALOG_COMPILER_GLOBAL_ACCENT_COLOR_NAME = AccentColor;
				CODE_SIGN_STYLE = Automatic;
				CURRENT_PROJECT_VERSION = 1;
				ENABLE_PREVIEWS = YES;
				GENERATE_INFOPLIST_FILE = YES;
				INFOPLIST_KEY_UIApplicationSceneManifest_Generation = YES;
				INFOPLIST_KEY_UIApplicationSupportsIndirectInputEvents = YES;
				INFOPLIST_KEY_UILaunchScreen_Generation = YES;
				INFOPLIST_KEY_UISupportedInterfaceOrientations_iPad = "UIInterfaceOrientationPortrait UIInterfaceOrientationPortraitUpsideDown UIInterfaceOrientationLandscapeLeft UIInterfaceOrientationLandscapeRight";
				INFOPLIST_KEY_UISupportedInterfaceOrientations_iPhone = "UIInterfaceOrientationPortrait UIInterfaceOrientationLandscapeLeft UIInterfaceOrientationLandscapeRight";
				LD_RUNPATH_SEARCH_PATHS = (
					"$(inherited)",
					"@executable_path/Frameworks",
				);
				MARKETING_VERSION = 1.0;
				PRODUCT_BUNDLE_IDENTIFIER = "dul.SaveImage-fileManager";
				PRODUCT_NAME = "$(TARGET_NAME)";
				STRING_CATALOG_GENERATE_SYMBOLS = YES;
				SWIFT_APPROACHABLE_CONCURRENCY = YES;
				SWIFT_DEFAULT_ACTOR_ISOLATION = MainActor;
				SWIFT_EMIT_LOC_STRINGS = YES;
				SWIFT_UPCOMING_FEATURE_MEMBER_IMPORT_VISIBILITY = YES;
				SWIFT_VERSION = 5.0;
				TARGETED_DEVICE_FAMILY = "1,2";
			};
			name = Debug;
		};
		ADD930742F46EC0000F4D128 /* Release */ = {
			isa = XCBuildConfiguration;
			buildSettings = {
				ASSETCATALOG_COMPILER_APPICON_NAME = AppIcon;
				ASSETCATALOG_COMPILER_GLOBAL_ACCENT_COLOR_NAME = AccentColor;
				CODE_SIGN_STYLE = Automatic;
				CURRENT_PROJECT_VERSION = 1;
				ENABLE_PREVIEWS = YES;
				GENERATE_INFOPLIST_FILE = YES;
				INFOPLIST_KEY_UIApplicationSceneManifest_Generation = YES;
				INFOPLIST_KEY_UIApplicationSupportsIndirectInputEvents = YES;
				INFOPLIST_KEY_UILaunchScreen_Generation = YES;
				INFOPLIST_KEY_UISupportedInterfaceOrientations_iPad = "UIInterfaceOrientationPortrait UIInterfaceOrientationPortraitUpsideDown UIInterfaceOrientationLandscapeLeft UIInterfaceOrientationLandscapeRight";
				INFOPLIST_KEY_UISupportedInterfaceOrientations_iPhone = "UIInterfaceOrientationPortrait UIInterfaceOrientationLandscapeLeft UIInterfaceOrientationLandscapeRight";
				LD_RUNPATH_SEARCH_PATHS = (
					"$(inherited)",
					"@executable_path/Frameworks",
				);
				MARKETING_VERSION = 1.0;
				PRODUCT_BUNDLE_IDENTIFIER = "dul.SaveImage-fileManager";
				PRODUCT_NAME = "$(TARGET_NAME)";
				STRING_CATALOG_GENERATE_SYMBOLS = YES;
				SWIFT_APPROACHABLE_CONCURRENCY = YES;
				SWIFT_DEFAULT_ACTOR_ISOLATION = MainActor;
				SWIFT_EMIT_LOC_STRINGS = YES;
				SWIFT_UPCOMING_FEATURE_MEMBER_IMPORT_VISIBILITY = YES;
				SWIFT_VERSION = 5.0;
				TARGETED_DEVICE_FAMILY = "1,2";
			};
			name = Release;
		};
		ADD930762F46EC0000F4D128 /* Debug */ = {
			isa = XCBuildConfiguration;
			buildSettings = {
				BUNDLE_LOADER = "$(TEST_HOST)";
				CODE_SIGN_STYLE = Automatic;
				CURRENT_PROJECT_VERSION = 1;
				GENERATE_INFOPLIST_FILE = YES;
				IPHONEOS_DEPLOYMENT_TARGET = 26.2;
				MARKETING_VERSION = 1.0;
				PRODUCT_BUNDLE_IDENTIFIER = "dul.SaveImage-fileManagerTests";
				PRODUCT_NAME = "$(TARGET_NAME)";
				STRING_CATALOG_GENERATE_SYMBOLS = NO;
				SWIFT_APPROACHABLE_CONCURRENCY = YES;
				SWIFT_EMIT_LOC_STRINGS = NO;
				SWIFT_UPCOMING_FEATURE_MEMBER_IMPORT_VISIBILITY = YES;
				SWIFT_VERSION = 5.0;
				TARGETED_DEVICE_FAMILY = "1,2";
				TEST_HOST = "$(BUILT_PRODUCTS_DIR)/SaveImage-fileManager.app/$(BUNDLE_EXECUTABLE_FOLDER_PATH)/SaveImage-fileManager";
			};
			name = Debug;
		};
		ADD930772F46EC0000F4D128 /* Release */ = {
			isa = XCBuildConfiguration;
			buildSettings = {
				BUNDLE_LOADER = "$(TEST_HOST)";
				CODE_SIGN_STYLE = Automatic;
				CURRENT_PROJECT_VERSION = 1;
				GENERATE_INFOPLIST_FILE = YES;
				IPHONEOS_DEPLOYMENT_TARGET = 26.2;
				MARKETING_VERSION = 1.0;
				PRODUCT_BUNDLE_IDENTIFIER = "dul.SaveImage-fileManagerTests";
				PRODUCT_NAME = "$(TARGET_NAME)";
				STRING_CATALOG_GENERATE_SYMBOLS = NO;
				SWIFT_APPROACHABLE_CONCURRENCY = YES;
				SWIFT_EMIT_LOC_STRINGS = NO;
				SWIFT_UPCOMING_FEATURE_MEMBER_IMPORT_VISIBILITY = YES;
				SWIFT_VERSION = 5.0;
				TARGETED_DEVICE_FAMILY = "1,2";
				TEST_HOST = "$(BUILT_PRODUCTS_DIR)/SaveImage-fileManager.app/$(BUNDLE_EXECUTABLE_FOLDER_PATH)/SaveImage-fileManager";
			};
			name = Release;
		};
		ADD930792F46EC0000F4D128 /* Debug */ = {
			isa = XCBuildConfiguration;
			buildSettings = {
				CODE_SIGN_STYLE = Automatic;
				CURRENT_PROJECT_VERSION = 1;
				GENERATE_INFOPLIST_FILE = YES;
				MARKETING_VERSION = 1.0;
				PRODUCT_BUNDLE_IDENTIFIER = "dul.SaveImage-fileManagerUITests";
				PRODUCT_NAME = "$(TARGET_NAME)";
				STRING_CATALOG_GENERATE_SYMBOLS = NO;
				SWIFT_APPROACHABLE_CONCURRENCY = YES;
				SWIFT_EMIT_LOC_STRINGS = NO;
				SWIFT_UPCOMING_FEATURE_MEMBER_IMPORT_VISIBILITY = YES;
				SWIFT_VERSION = 5.0;
				TARGETED_DEVICE_FAMILY = "1,2";
				TEST_TARGET_NAME = "SaveImage-fileManager";
			};
			name = Debug;
		};
		ADD9307A2F46EC0000F4D128 /* Release */ = {
			isa = XCBuildConfiguration;
			buildSettings = {
				CODE_SIGN_STYLE = Automatic;
				CURRENT_PROJECT_VERSION = 1;
				GENERATE_INFOPLIST_FILE = YES;
				MARKETING_VERSION = 1.0;
				PRODUCT_BUNDLE_IDENTIFIER = "dul.SaveImage-fileManagerUITests";
				PRODUCT_NAME = "$(TARGET_NAME)";
				STRING_CATALOG_GENERATE_SYMBOLS = NO;
				SWIFT_APPROACHABLE_CONCURRENCY = YES;
				SWIFT_EMIT_LOC_STRINGS = NO;
				SWIFT_UPCOMING_FEATURE_MEMBER_IMPORT_VISIBILITY = YES;
				SWIFT_VERSION = 5.0;
				TARGETED_DEVICE_FAMILY = "1,2";
				TEST_TARGET_NAME = "SaveImage-fileManager";
			};
			name = Release;
		};
/* End XCBuildConfiguration section */

/* Begin XCConfigurationList section */
		ADD9304C2F46EBFE00F4D128 /* Build configuration list for PBXProject "SaveImage-fileManager" */ = {
			isa = XCConfigurationList;
			buildConfigurations = (
				ADD930702F46EC0000F4D128 /* Debug */,
				ADD930712F46EC0000F4D128 /* Release */,
			);
			defaultConfigurationIsVisible = 0;
			defaultConfigurationName = Release;
		};
		ADD930722F46EC0000F4D128 /* Build configuration list for PBXNativeTarget "SaveImage-fileManager" */ = {
			isa = XCConfigurationList;
			buildConfigurations = (
				ADD930732F46EC0000F4D128 /* Debug */,
				ADD930742F46EC0000F4D128 /* Release */,
			);
			defaultConfigurationIsVisible = 0;
			defaultConfigurationName = Release;
		};
		ADD930752F46EC0000F4D128 /* Build configuration list for PBXNativeTarget "SaveImage-fileManagerTests" */ = {
			isa = XCConfigurationList;
			buildConfigurations = (
				ADD930762F46EC0000F4D128 /* Debug */,
				ADD930772F46EC0000F4D128 /* Release */,
			);
			defaultConfigurationIsVisible = 0;
			defaultConfigurationName = Release;
		};
		ADD930782F46EC0000F4D128 /* Build configuration list for PBXNativeTarget "SaveImage-fileManagerUITests" */ = {
			isa = XCConfigurationList;
			buildConfigurations = (
				ADD930792F46EC0000F4D128 /* Debug */,
				ADD9307A2F46EC0000F4D128 /* Release */,
			);
			defaultConfigurationIsVisible = 0;
			defaultConfigurationName = Release;
		};
/* End XCConfigurationList section */
	};
	rootObject = ADD930492F46EBFE00F4D128 /* Project object */;
}
