// !$*UTF8*$!
{
	archiveVersion = 1;
	classes = {
	};
	objectVersion = 77;
	objects = {

/* Begin PBXBuildFile section */
		AD9BB8172F5667C900748DE5 /* homepage1.jpg in Resources */ = {isa = PBXBuildFile; fileRef = AD9BB8122F5667C900748DE5 /* homepage1.jpg */; };
		AD9BB8182F5667C900748DE5 /* README.md in Resources */ = {isa = PBXBuildFile; fileRef = AD9BB8162F5667C900748DE5 /* README.md */; };
		AD9BB8192F5667C900748DE5 /* homepage2.jpg in Resources */ = {isa = PBXBuildFile; fileRef = AD9BB8132F5667C900748DE5 /* homepage2.jpg */; };
		AD9BB81A2F5667C900748DE5 /* product-detail.jpg in Resources */ = {isa = PBXBuildFile; fileRef = AD9BB8142F5667C900748DE5 /* product-detail.jpg */; };
/* End PBXBuildFile section */

/* Begin PBXContainerItemProxy section */
		ADD931962F4CEC6F00F4D128 /* PBXContainerItemProxy */ = {
			isa = PBXContainerItemProxy;
			containerPortal = ADD931802F4CEC6D00F4D128 /* Project object */;
			proxyType = 1;
			remoteGlobalIDString = ADD931872F4CEC6D00F4D128;
			remoteInfo = "Touch Down";
		};
		ADD931A02F4CEC6F00F4D128 /* PBXContainerItemProxy */ = {
			isa = PBXContainerItemProxy;
			containerPortal = ADD931802F4CEC6D00F4D128 /* Project object */;
			proxyType = 1;
			remoteGlobalIDString = ADD931872F4CEC6D00F4D128;
			remoteInfo = "Touch Down";
		};
/* End PBXContainerItemProxy section */

/* Begin PBXFileReference section */
		AD9BB8122F5667C900748DE5 /* homepage1.jpg */ = {isa = PBXFileReference; lastKnownFileType = image.jpeg; path = homepage1.jpg; sourceTree = "<group>"; };
		AD9BB8132F5667C900748DE5 /* homepage2.jpg */ = {isa = PBXFileReference; lastKnownFileType = image.jpeg; path = homepage2.jpg; sourceTree = "<group>"; };
		AD9BB8142F5667C900748DE5 /* product-detail.jpg */ = {isa = PBXFileReference; lastKnownFileType = image.jpeg; path = "product-detail.jpg"; sourceTree = "<group>"; };
		AD9BB8162F5667C900748DE5 /* README.md */ = {isa = PBXFileReference; lastKnownFileType = net.daringfireball.markdown; path = README.md; sourceTree = "<group>"; };
		ADD931882F4CEC6D00F4D128 /* Touch Down.app */ = {isa = PBXFileReference; explicitFileType = wrapper.application; includeInIndex = 0; path = "Touch Down.app"; sourceTree = BUILT_PRODUCTS_DIR; };
		ADD931952F4CEC6F00F4D128 /* Touch DownTests.xctest */ = {isa = PBXFileReference; explicitFileType = wrapper.cfbundle; includeInIndex = 0; path = "Touch DownTests.xctest"; sourceTree = BUILT_PRODUCTS_DIR; };
		ADD9319F2F4CEC6F00F4D128 /* Touch DownUITests.xctest */ = {isa = PBXFileReference; explicitFileType = wrapper.cfbundle; includeInIndex = 0; path = "Touch DownUITests.xctest"; sourceTree = BUILT_PRODUCTS_DIR; };
/* End PBXFileReference section */

/* Begin PBXFileSystemSynchronizedRootGroup section */
		ADD9318A2F4CEC6D00F4D128 /* Touch Down */ = {
			isa = PBXFileSystemSynchronizedRootGroup;
			path = "Touch Down";
			sourceTree = "<group>";
		};
		ADD931982F4CEC6F00F4D128 /* Touch DownTests */ = {
			isa = PBXFileSystemSynchronizedRootGroup;
			path = "Touch DownTests";
			sourceTree = "<group>";
		};
		ADD931A22F4CEC6F00F4D128 /* Touch DownUITests */ = {
			isa = PBXFileSystemSynchronizedRootGroup;
			path = "Touch DownUITests";
			sourceTree = "<group>";
		};
/* End PBXFileSystemSynchronizedRootGroup section */

/* Begin PBXFrameworksBuildPhase section */
		ADD931852F4CEC6D00F4D128 /* Frameworks */ = {
			isa = PBXFrameworksBuildPhase;
			buildActionMask = 2147483647;
			files = (
			);
			runOnlyForDeploymentPostprocessing = 0;
		};
		ADD931922F4CEC6F00F4D128 /* Frameworks */ = {
			isa = PBXFrameworksBuildPhase;
			buildActionMask = 2147483647;
			files = (
			);
			runOnlyForDeploymentPostprocessing = 0;
		};
		ADD9319C2F4CEC6F00F4D128 /* Frameworks */ = {
			isa = PBXFrameworksBuildPhase;
			buildActionMask = 2147483647;
			files = (
			);
			runOnlyForDeploymentPostprocessing = 0;
		};
/* End PBXFrameworksBuildPhase section */

/* Begin PBXGroup section */
		AD9BB8152F5667C900748DE5 /* Image-Readme */ = {
			isa = PBXGroup;
			children = (
				AD9BB8122F5667C900748DE5 /* homepage1.jpg */,
				AD9BB8132F5667C900748DE5 /* homepage2.jpg */,
				AD9BB8142F5667C900748DE5 /* product-detail.jpg */,
			);
			path = "Image-Readme";
			sourceTree = "<group>";
		};
		ADD9317F2F4CEC6D00F4D128 = {
			isa = PBXGroup;
			children = (
				AD9BB8152F5667C900748DE5 /* Image-Readme */,
				AD9BB8162F5667C900748DE5 /* README.md */,
				ADD9318A2F4CEC6D00F4D128 /* Touch Down */,
				ADD931982F4CEC6F00F4D128 /* Touch DownTests */,
				ADD931A22F4CEC6F00F4D128 /* Touch DownUITests */,
				ADD931892F4CEC6D00F4D128 /* Products */,
			);
			sourceTree = "<group>";
		};
		ADD931892F4CEC6D00F4D128 /* Products */ = {
			isa = PBXGroup;
			children = (
				ADD931882F4CEC6D00F4D128 /* Touch Down.app */,
				ADD931952F4CEC6F00F4D128 /* Touch DownTests.xctest */,
				ADD9319F2F4CEC6F00F4D128 /* Touch DownUITests.xctest */,
			);
			name = Products;
			sourceTree = "<group>";
		};
/* End PBXGroup section */

/* Begin PBXNativeTarget section */
		ADD931872F4CEC6D00F4D128 /* Touch Down */ = {
			isa = PBXNativeTarget;
			buildConfigurationList = ADD931A92F4CEC6F00F4D128 /* Build configuration list for PBXNativeTarget "Touch Down" */;
			buildPhases = (
				ADD931842F4CEC6D00F4D128 /* Sources */,
				ADD931852F4CEC6D00F4D128 /* Frameworks */,
				ADD931862F4CEC6D00F4D128 /* Resources */,
			);
			buildRules = (
			);
			dependencies = (
			);
			fileSystemSynchronizedGroups = (
				ADD9318A2F4CEC6D00F4D128 /* Touch Down */,
			);
			name = "Touch Down";
			packageProductDependencies = (
			);
			productName = "Touch Down";
			productReference = ADD931882F4CEC6D00F4D128 /* Touch Down.app */;
			productType = "com.apple.product-type.application";
		};
		ADD931942F4CEC6F00F4D128 /* Touch DownTests */ = {
			isa = PBXNativeTarget;
			buildConfigurationList = ADD931AC2F4CEC6F00F4D128 /* Build configuration list for PBXNativeTarget "Touch DownTests" */;
			buildPhases = (
				ADD931912F4CEC6F00F4D128 /* Sources */,
				ADD931922F4CEC6F00F4D128 /* Frameworks */,
				ADD931932F4CEC6F00F4D128 /* Resources */,
			);
			buildRules = (
			);
			dependencies = (
				ADD931972F4CEC6F00F4D128 /* PBXTargetDependency */,
			);
			fileSystemSynchronizedGroups = (
				ADD931982F4CEC6F00F4D128 /* Touch DownTests */,
			);
			name = "Touch DownTests";
			packageProductDependencies = (
			);
			productName = "Touch DownTests";
			productReference = ADD931952F4CEC6F00F4D128 /* Touch DownTests.xctest */;
			productType = "com.apple.product-type.bundle.unit-test";
		};
		ADD9319E2F4CEC6F00F4D128 /* Touch DownUITests */ = {
			isa = PBXNativeTarget;
			buildConfigurationList = ADD931AF2F4CEC6F00F4D128 /* Build configuration list for PBXNativeTarget "Touch DownUITests" */;
			buildPhases = (
				ADD9319B2F4CEC6F00F4D128 /* Sources */,
				ADD9319C2F4CEC6F00F4D128 /* Frameworks */,
				ADD9319D2F4CEC6F00F4D128 /* Resources */,
			);
			buildRules = (
			);
			dependencies = (
				ADD931A12F4CEC6F00F4D128 /* PBXTargetDependency */,
			);
			fileSystemSynchronizedGroups = (
				ADD931A22F4CEC6F00F4D128 /* Touch DownUITests */,
			);
			name = "Touch DownUITests";
			packageProductDependencies = (
			);
			productName = "Touch DownUITests";
			productReference = ADD9319F2F4CEC6F00F4D128 /* Touch DownUITests.xctest */;
			productType = "com.apple.product-type.bundle.ui-testing";
		};
/* End PBXNativeTarget section */

/* Begin PBXProject section */
		ADD931802F4CEC6D00F4D128 /* Project object */ = {
			isa = PBXProject;
			attributes = {
				BuildIndependentTargetsInParallel = 1;
				LastSwiftUpdateCheck = 2620;
				LastUpgradeCheck = 2620;
				TargetAttributes = {
					ADD931872F4CEC6D00F4D128 = {
						CreatedOnToolsVersion = 26.2;
					};
					ADD931942F4CEC6F00F4D128 = {
						CreatedOnToolsVersion = 26.2;
						TestTargetID = ADD931872F4CEC6D00F4D128;
					};
					ADD9319E2F4CEC6F00F4D128 = {
						CreatedOnToolsVersion = 26.2;
						TestTargetID = ADD931872F4CEC6D00F4D128;
					};
				};
			};
			buildConfigurationList = ADD931832F4CEC6D00F4D128 /* Build configuration list for PBXProject "Touch Down" */;
			developmentRegion = en;
			hasScannedForEncodings = 0;
			knownRegions = (
				en,
				Base,
			);
			mainGroup = ADD9317F2F4CEC6D00F4D128;
			minimizedProjectReferenceProxies = 1;
			preferredProjectObjectVersion = 77;
			productRefGroup = ADD931892F4CEC6D00F4D128 /* Products */;
			projectDirPath = "";
			projectRoot = "";
			targets = (
				ADD931872F4CEC6D00F4D128 /* Touch Down */,
				ADD931942F4CEC6F00F4D128 /* Touch DownTests */,
				ADD9319E2F4CEC6F00F4D128 /* Touch DownUITests */,
			);
		};
/* End PBXProject section */

/* Begin PBXResourcesBuildPhase section */
		ADD931862F4CEC6D00F4D128 /* Resources */ = {
			isa = PBXResourcesBuildPhase;
			buildActionMask = 2147483647;
			files = (
				AD9BB8172F5667C900748DE5 /* homepage1.jpg in Resources */,
				AD9BB8182F5667C900748DE5 /* README.md in Resources */,
				AD9BB8192F5667C900748DE5 /* homepage2.jpg in Resources */,
				AD9BB81A2F5667C900748DE5 /* product-detail.jpg in Resources */,
			);
			runOnlyForDeploymentPostprocessing = 0;
		};
		ADD931932F4CEC6F00F4D128 /* Resources */ = {
			isa = PBXResourcesBuildPhase;
			buildActionMask = 2147483647;
			files = (
			);
			runOnlyForDeploymentPostprocessing = 0;
		};
		ADD9319D2F4CEC6F00F4D128 /* Resources */ = {
			isa = PBXResourcesBuildPhase;
			buildActionMask = 2147483647;
			files = (
			);
			runOnlyForDeploymentPostprocessing = 0;
		};
/* End PBXResourcesBuildPhase section */

/* Begin PBXSourcesBuildPhase section */
		ADD931842F4CEC6D00F4D128 /* Sources */ = {
			isa = PBXSourcesBuildPhase;
			buildActionMask = 2147483647;
			files = (
			);
			runOnlyForDeploymentPostprocessing = 0;
		};
		ADD931912F4CEC6F00F4D128 /* Sources */ = {
			isa = PBXSourcesBuildPhase;
			buildActionMask = 2147483647;
			files = (
			);
			runOnlyForDeploymentPostprocessing = 0;
		};
		ADD9319B2F4CEC6F00F4D128 /* Sources */ = {
			isa = PBXSourcesBuildPhase;
			buildActionMask = 2147483647;
			files = (
			);
			runOnlyForDeploymentPostprocessing = 0;
		};
/* End PBXSourcesBuildPhase section */

/* Begin PBXTargetDependency section */
		ADD931972F4CEC6F00F4D128 /* PBXTargetDependency */ = {
			isa = PBXTargetDependency;
			target = ADD931872F4CEC6D00F4D128 /* Touch Down */;
			targetProxy = ADD931962F4CEC6F00F4D128 /* PBXContainerItemProxy */;
		};
		ADD931A12F4CEC6F00F4D128 /* PBXTargetDependency */ = {
			isa = PBXTargetDependency;
			target = ADD931872F4CEC6D00F4D128 /* Touch Down */;
			targetProxy = ADD931A02F4CEC6F00F4D128 /* PBXContainerItemProxy */;
		};
/* End PBXTargetDependency section */

/* Begin XCBuildConfiguration section */
		ADD931A72F4CEC6F00F4D128 /* Debug */ = {
			isa = XCBuildConfiguration;
			buildSettings = {
				ALWAYS_SEARCH_USER_PATHS = NO;
				ASSETCATALOG_COMPILER_GENERATE_SWIFT_ASSET_SYMBOL_EXTENSIONS = YES;
				CLANG_ANALYZER_NONNULL = YES;
				CLANG_ANALYZER_NUMBER_OBJECT_CONVERSION = YES_AGGRESSIVE;
				CLANG_CXX_LANGUAGE_STANDARD = "gnu++20";
				CLANG_ENABLE_MODULES = YES;
				CLANG_ENABLE_OBJC_ARC = YES;
				CLANG_ENABLE_OBJC_WEAK = YES;
				CLANG_WARN_BLOCK_CAPTURE_AUTORELEASING = YES;
				CLANG_WARN_BOOL_CONVERSION = YES;
				CLANG_WARN_COMMA = YES;
				CLANG_WARN_CONSTANT_CONVERSION = YES;
				CLANG_WARN_DEPRECATED_OBJC_IMPLEMENTATIONS = YES;
				CLANG_WARN_DIRECT_OBJC_ISA_USAGE = YES_ERROR;
				CLANG_WARN_DOCUMENTATION_COMMENTS = YES;
				CLANG_WARN_EMPTY_BODY = YES;
				CLANG_WARN_ENUM_CONVERSION = YES;
				CLANG_WARN_INFINITE_RECURSION = YES;
				CLANG_WARN_INT_CONVERSION = YES;
				CLANG_WARN_NON_LITERAL_NULL_CONVERSION = YES;
				CLANG_WARN_OBJC_IMPLICIT_RETAIN_SELF = YES;
				CLANG_WARN_OBJC_LITERAL_CONVERSION = YES;
				CLANG_WARN_OBJC_ROOT_CLASS = YES_ERROR;
				CLANG_WARN_QUOTED_INCLUDE_IN_FRAMEWORK_HEADER = YES;
				CLANG_WARN_RANGE_LOOP_ANALYSIS = YES;
				CLANG_WARN_STRICT_PROTOTYPES = YES;
				CLANG_WARN_SUSPICIOUS_MOVE = YES;
				CLANG_WARN_UNGUARDED_AVAILABILITY = YES_AGGRESSIVE;
				CLANG_WARN_UNREACHABLE_CODE = YES;
				CLANG_WARN__DUPLICATE_METHOD_MATCH = YES;
				COPY_PHASE_STRIP = NO;
				DEBUG_INFORMATION_FORMAT = dwarf;
				ENABLE_STRICT_OBJC_MSGSEND = YES;
				ENABLE_TESTABILITY = YES;
				ENABLE_USER_SCRIPT_SANDBOXING = YES;
				GCC_C_LANGUAGE_STANDARD = gnu17;
				GCC_DYNAMIC_NO_PIC = NO;
				GCC_NO_COMMON_BLOCKS = YES;
				GCC_OPTIMIZATION_LEVEL = 0;
				GCC_PREPROCESSOR_DEFINITIONS = (
					"DEBUG=1",
					"$(inherited)",
				);
				GCC_WARN_64_TO_32_BIT_CONVERSION = YES;
				GCC_WARN_ABOUT_RETURN_TYPE = YES_ERROR;
				GCC_WARN_UNDECLARED_SELECTOR = YES;
				GCC_WARN_UNINITIALIZED_AUTOS = YES_AGGRESSIVE;
				GCC_WARN_UNUSED_FUNCTION = YES;
				GCC_WARN_UNUSED_VARIABLE = YES;
				IPHONEOS_DEPLOYMENT_TARGET = 26.2;
				LOCALIZATION_PREFERS_STRING_CATALOGS = YES;
				MTL_ENABLE_DEBUG_INFO = INCLUDE_SOURCE;
				MTL_FAST_MATH = YES;
				ONLY_ACTIVE_ARCH = YES;
				SDKROOT = iphoneos;
				SWIFT_ACTIVE_COMPILATION_CONDITIONS = "DEBUG $(inherited)";
				SWIFT_OPTIMIZATION_LEVEL = "-Onone";
			};
			name = Debug;
		};
		ADD931A82F4CEC6F00F4D128 /* Release */ = {
			isa = XCBuildConfiguration;
			buildSettings = {
				ALWAYS_SEARCH_USER_PATHS = NO;
				ASSETCATALOG_COMPILER_GENERATE_SWIFT_ASSET_SYMBOL_EXTENSIONS = YES;
				CLANG_ANALYZER_NONNULL = YES;
				CLANG_ANALYZER_NUMBER_OBJECT_CONVERSION = YES_AGGRESSIVE;
				CLANG_CXX_LANGUAGE_STANDARD = "gnu++20";
				CLANG_ENABLE_MODULES = YES;
				CLANG_ENABLE_OBJC_ARC = YES;
				CLANG_ENABLE_OBJC_WEAK = YES;
				CLANG_WARN_BLOCK_CAPTURE_AUTORELEASING = YES;
				CLANG_WARN_BOOL_CONVERSION = YES;
				CLANG_WARN_COMMA = YES;
				CLANG_WARN_CONSTANT_CONVERSION = YES;
				CLANG_WARN_DEPRECATED_OBJC_IMPLEMENTATIONS = YES;
				CLANG_WARN_DIRECT_OBJC_ISA_USAGE = YES_ERROR;
				CLANG_WARN_DOCUMENTATION_COMMENTS = YES;
				CLANG_WARN_EMPTY_BODY = YES;
				CLANG_WARN_ENUM_CONVERSION = YES;
				CLANG_WARN_INFINITE_RECURSION = YES;
				CLANG_WARN_INT_CONVERSION = YES;
				CLANG_WARN_NON_LITERAL_NULL_CONVERSION = YES;
				CLANG_WARN_OBJC_IMPLICIT_RETAIN_SELF = YES;
				CLANG_WARN_OBJC_LITERAL_CONVERSION = YES;
				CLANG_WARN_OBJC_ROOT_CLASS = YES_ERROR;
				CLANG_WARN_QUOTED_INCLUDE_IN_FRAMEWORK_HEADER = YES;
				CLANG_WARN_RANGE_LOOP_ANALYSIS = YES;
				CLANG_WARN_STRICT_PROTOTYPES = YES;
				CLANG_WARN_SUSPICIOUS_MOVE = YES;
				CLANG_WARN_UNGUARDED_AVAILABILITY = YES_AGGRESSIVE;
				CLANG_WARN_UNREACHABLE_CODE = YES;
				CLANG_WARN__DUPLICATE_METHOD_MATCH = YES;
				COPY_PHASE_STRIP = NO;
				DEBUG_INFORMATION_FORMAT = "dwarf-with-dsym";
				ENABLE_NS_ASSERTIONS = NO;
				ENABLE_STRICT_OBJC_MSGSEND = YES;
				ENABLE_USER_SCRIPT_SANDBOXING = YES;
				GCC_C_LANGUAGE_STANDARD = gnu17;
				GCC_NO_COMMON_BLOCKS = YES;
				GCC_WARN_64_TO_32_BIT_CONVERSION = YES;
				GCC_WARN_ABOUT_RETURN_TYPE = YES_ERROR;
				GCC_WARN_UNDECLARED_SELECTOR = YES;
				GCC_WARN_UNINITIALIZED_AUTOS = YES_AGGRESSIVE;
				GCC_WARN_UNUSED_FUNCTION = YES;
				GCC_WARN_UNUSED_VARIABLE = YES;
				IPHONEOS_DEPLOYMENT_TARGET = 26.2;
				LOCALIZATION_PREFERS_STRING_CATALOGS = YES;
				MTL_ENABLE_DEBUG_INFO = NO;
				MTL_FAST_MATH = YES;
				SDKROOT = iphoneos;
				SWIFT_COMPILATION_MODE = wholemodule;
				VALIDATE_PRODUCT = YES;
			};
			name = Release;
		};
		ADD931AA2F4CEC6F00F4D128 /* Debug */ = {
			isa = XCBuildConfiguration;
			buildSettings = {
				ASSETCATALOG_COMPILER_APPICON_NAME = AppIcon;
				ASSETCATALOG_COMPILER_GLOBAL_ACCENT_COLOR_NAME = AccentColor;
				CODE_SIGN_STYLE = Automatic;
				CURRENT_PROJECT_VERSION = 1;
				ENABLE_PREVIEWS = YES;
				GENERATE_INFOPLIST_FILE = YES;
				INFOPLIST_KEY_UIApplicationSceneManifest_Generation = YES;
				INFOPLIST_KEY_UIApplicationSupportsIndirectInputEvents = YES;
				INFOPLIST_KEY_UILaunchScreen_Generation = YES;
				INFOPLIST_KEY_UISupportedInterfaceOrientations_iPad = "UIInterfaceOrientationPortrait UIInterfaceOrientationPortraitUpsideDown UIInterfaceOrientationLandscapeLeft UIInterfaceOrientationLandscapeRight";
				INFOPLIST_KEY_UISupportedInterfaceOrientations_iPhone = "UIInterfaceOrientationPortrait UIInterfaceOrientationLandscapeLeft UIInterfaceOrientationLandscapeRight";
				INFOPLIST_KEY_UIUserInterfaceStyle = Light;
				LD_RUNPATH_SEARCH_PATHS = (
					"$(inherited)",
					"@executable_path/Frameworks",
				);
				MARKETING_VERSION = 1.0;
				PRODUCT_BUNDLE_IDENTIFIER = "dul.Touch-Down";
				PRODUCT_NAME = "$(TARGET_NAME)";
				STRING_CATALOG_GENERATE_SYMBOLS = YES;
				SWIFT_APPROACHABLE_CONCURRENCY = YES;
				SWIFT_DEFAULT_ACTOR_ISOLATION = MainActor;
				SWIFT_EMIT_LOC_STRINGS = YES;
				SWIFT_UPCOMING_FEATURE_MEMBER_IMPORT_VISIBILITY = YES;
				SWIFT_VERSION = 5.0;
				TARGETED_DEVICE_FAMILY = "1,2";
			};
			name = Debug;
		};
		ADD931AB2F4CEC6F00F4D128 /* Release */ = {
			isa = XCBuildConfiguration;
			buildSettings = {
				ASSETCATALOG_COMPILER_APPICON_NAME = AppIcon;
				ASSETCATALOG_COMPILER_GLOBAL_ACCENT_COLOR_NAME = AccentColor;
				CODE_SIGN_STYLE = Automatic;
				CURRENT_PROJECT_VERSION = 1;
				ENABLE_PREVIEWS = YES;
				GENERATE_INFOPLIST_FILE = YES;
				INFOPLIST_KEY_UIApplicationSceneManifest_Generation = YES;
				INFOPLIST_KEY_UIApplicationSupportsIndirectInputEvents = YES;
				INFOPLIST_KEY_UILaunchScreen_Generation = YES;
				INFOPLIST_KEY_UISupportedInterfaceOrientations_iPad = "UIInterfaceOrientationPortrait UIInterfaceOrientationPortraitUpsideDown UIInterfaceOrientationLandscapeLeft UIInterfaceOrientationLandscapeRight";
				INFOPLIST_KEY_UISupportedInterfaceOrientations_iPhone = "UIInterfaceOrientationPortrait UIInterfaceOrientationLandscapeLeft UIInterfaceOrientationLandscapeRight";
				INFOPLIST_KEY_UIUserInterfaceStyle = Light;
				LD_RUNPATH_SEARCH_PATHS = (
					"$(inherited)",
					"@executable_path/Frameworks",
				);
				MARKETING_VERSION = 1.0;
				PRODUCT_BUNDLE_IDENTIFIER = "dul.Touch-Down";
				PRODUCT_NAME = "$(TARGET_NAME)";
				STRING_CATALOG_GENERATE_SYMBOLS = YES;
				SWIFT_APPROACHABLE_CONCURRENCY = YES;
				SWIFT_DEFAULT_ACTOR_ISOLATION = MainActor;
				SWIFT_EMIT_LOC_STRINGS = YES;
				SWIFT_UPCOMING_FEATURE_MEMBER_IMPORT_VISIBILITY = YES;
				SWIFT_VERSION = 5.0;
				TARGETED_DEVICE_FAMILY = "1,2";
			};
			name = Release;
		};
		ADD931AD2F4CEC6F00F4D128 /* Debug */ = {
			isa = XCBuildConfiguration;
			buildSettings = {
				BUNDLE_LOADER = "$(TEST_HOST)";
				CODE_SIGN_STYLE = Automatic;
				CURRENT_PROJECT_VERSION = 1;
				GENERATE_INFOPLIST_FILE = YES;
				IPHONEOS_DEPLOYMENT_TARGET = 26.2;
				MARKETING_VERSION = 1.0;
				PRODUCT_BUNDLE_IDENTIFIER = "dul.Touch-DownTests";
				PRODUCT_NAME = "$(TARGET_NAME)";
				STRING_CATALOG_GENERATE_SYMBOLS = NO;
				SWIFT_APPROACHABLE_CONCURRENCY = YES;
				SWIFT_EMIT_LOC_STRINGS = NO;
				SWIFT_UPCOMING_FEATURE_MEMBER_IMPORT_VISIBILITY = YES;
				SWIFT_VERSION = 5.0;
				TARGETED_DEVICE_FAMILY = "1,2";
				TEST_HOST = "$(BUILT_PRODUCTS_DIR)/Touch Down.app/$(BUNDLE_EXECUTABLE_FOLDER_PATH)/Touch Down";
			};
			name = Debug;
		};
		ADD931AE2F4CEC6F00F4D128 /* Release */ = {
			isa = XCBuildConfiguration;
			buildSettings = {
				BUNDLE_LOADER = "$(TEST_HOST)";
				CODE_SIGN_STYLE = Automatic;
				CURRENT_PROJECT_VERSION = 1;
				GENERATE_INFOPLIST_FILE = YES;
				IPHONEOS_DEPLOYMENT_TARGET = 26.2;
				MARKETING_VERSION = 1.0;
				PRODUCT_BUNDLE_IDENTIFIER = "dul.Touch-DownTests";
				PRODUCT_NAME = "$(TARGET_NAME)";
				STRING_CATALOG_GENERATE_SYMBOLS = NO;
				SWIFT_APPROACHABLE_CONCURRENCY = YES;
				SWIFT_EMIT_LOC_STRINGS = NO;
				SWIFT_UPCOMING_FEATURE_MEMBER_IMPORT_VISIBILITY = YES;
				SWIFT_VERSION = 5.0;
				TARGETED_DEVICE_FAMILY = "1,2";
				TEST_HOST = "$(BUILT_PRODUCTS_DIR)/Touch Down.app/$(BUNDLE_EXECUTABLE_FOLDER_PATH)/Touch Down";
			};
			name = Release;
		};
		ADD931B02F4CEC6F00F4D128 /* Debug */ = {
			isa = XCBuildConfiguration;
			buildSettings = {
				CODE_SIGN_STYLE = Automatic;
				CURRENT_PROJECT_VERSION = 1;
				GENERATE_INFOPLIST_FILE = YES;
				MARKETING_VERSION = 1.0;
				PRODUCT_BUNDLE_IDENTIFIER = "dul.Touch-DownUITests";
				PRODUCT_NAME = "$(TARGET_NAME)";
				STRING_CATALOG_GENERATE_SYMBOLS = NO;
				SWIFT_APPROACHABLE_CONCURRENCY = YES;
				SWIFT_EMIT_LOC_STRINGS = NO;
				SWIFT_UPCOMING_FEATURE_MEMBER_IMPORT_VISIBILITY = YES;
				SWIFT_VERSION = 5.0;
				TARGETED_DEVICE_FAMILY = "1,2";
				TEST_TARGET_NAME = "Touch Down";
			};
			name = Debug;
		};
		ADD931B12F4CEC6F00F4D128 /* Release */ = {
			isa = XCBuildConfiguration;
			buildSettings = {
				CODE_SIGN_STYLE = Automatic;
				CURRENT_PROJECT_VERSION = 1;
				GENERATE_INFOPLIST_FILE = YES;
				MARKETING_VERSION = 1.0;
				PRODUCT_BUNDLE_IDENTIFIER = "dul.Touch-DownUITests";
				PRODUCT_NAME = "$(TARGET_NAME)";
				STRING_CATALOG_GENERATE_SYMBOLS = NO;
				SWIFT_APPROACHABLE_CONCURRENCY = YES;
				SWIFT_EMIT_LOC_STRINGS = NO;
				SWIFT_UPCOMING_FEATURE_MEMBER_IMPORT_VISIBILITY = YES;
				SWIFT_VERSION = 5.0;
				TARGETED_DEVICE_FAMILY = "1,2";
				TEST_TARGET_NAME = "Touch Down";
			};
			name = Release;
		};
/* End XCBuildConfiguration section */

/* Begin XCConfigurationList section */
		ADD931832F4CEC6D00F4D128 /* Build configuration list for PBXProject "Touch Down" */ = {
			isa = XCConfigurationList;
			buildConfigurations = (
				ADD931A72F4CEC6F00F4D128 /* Debug */,
				ADD931A82F4CEC6F00F4D128 /* Release */,
			);
			defaultConfigurationIsVisible = 0;
			defaultConfigurationName = Release;
		};
		ADD931A92F4CEC6F00F4D128 /* Build configuration list for PBXNativeTarget "Touch Down" */ = {
			isa = XCConfigurationList;
			buildConfigurations = (
				ADD931AA2F4CEC6F00F4D128 /* Debug */,
				ADD931AB2F4CEC6F00F4D128 /* Release */,
			);
			defaultConfigurationIsVisible = 0;
			defaultConfigurationName = Release;
		};
		ADD931AC2F4CEC6F00F4D128 /* Build configuration list for PBXNativeTarget "Touch DownTests" */ = {
			isa = XCConfigurationList;
			buildConfigurations = (
				ADD931AD2F4CEC6F00F4D128 /* Debug */,
				ADD931AE2F4CEC6F00F4D128 /* Release */,
			);
			defaultConfigurationIsVisible = 0;
			defaultConfigurationName = Release;
		};
		ADD931AF2F4CEC6F00F4D128 /* Build configuration list for PBXNativeTarget "Touch DownUITests" */ = {
			isa = XCConfigurationList;
			buildConfigurations = (
				ADD931B02F4CEC6F00F4D128 /* Debug */,
				ADD931B12F4CEC6F00F4D128 /* Release */,
			);
			defaultConfigurationIsVisible = 0;
			defaultConfigurationName = Release;
		};
/* End XCConfigurationList section */
	};
	rootObject = ADD931802F4CEC6D00F4D128 /* Project object */;
}
