// !$*UTF8*$!
{
	archiveVersion = 1;
	classes = {
	};
	objectVersion = 77;
	objects = {

/* Begin PBXBuildFile section */
		AD0AE4A92FB56D740062573E /* README.md in Resources */ = {isa = PBXBuildFile; fileRef = AD0AE4A82FB56D740062573E /* README.md */; };
/* End PBXBuildFile section */

/* Begin PBXContainerItemProxy section */
		AD0AE4822FB562AB0062573E /* PBXContainerItemProxy */ = {
			isa = PBXContainerItemProxy;
			containerPortal = AD0AE46C2FB562AA0062573E /* Project object */;
			proxyType = 1;
			remoteGlobalIDString = AD0AE4732FB562AA0062573E;
			remoteInfo = toolbarDemo;
		};
		AD0AE48C2FB562AB0062573E /* PBXContainerItemProxy */ = {
			isa = PBXContainerItemProxy;
			containerPortal = AD0AE46C2FB562AA0062573E /* Project object */;
			proxyType = 1;
			remoteGlobalIDString = AD0AE4732FB562AA0062573E;
			remoteInfo = toolbarDemo;
		};
/* End PBXContainerItemProxy section */

/* Begin PBXFileReference section */
		AD0AE4742FB562AA0062573E /* toolbarDemo.app */ = {isa = PBXFileReference; explicitFileType = wrapper.application; includeInIndex = 0; path = toolbarDemo.app; sourceTree = BUILT_PRODUCTS_DIR; };
		AD0AE4812FB562AB0062573E /* toolbarDemoTests.xctest */ = {isa = PBXFileReference; explicitFileType = wrapper.cfbundle; includeInIndex = 0; path = toolbarDemoTests.xctest; sourceTree = BUILT_PRODUCTS_DIR; };
		AD0AE48B2FB562AB0062573E /* toolbarDemoUITests.xctest */ = {isa = PBXFileReference; explicitFileType = wrapper.cfbundle; includeInIndex = 0; path = toolbarDemoUITests.xctest; sourceTree = BUILT_PRODUCTS_DIR; };
		AD0AE4A82FB56D740062573E /* README.md */ = {isa = PBXFileReference; lastKnownFileType = net.daringfireball.markdown; path = README.md; sourceTree = "<group>"; };
/* End PBXFileReference section */

/* Begin PBXFileSystemSynchronizedRootGroup section */
		AD0AE4762FB562AA0062573E /* toolbarDemo */ = {
			isa = PBXFileSystemSynchronizedRootGroup;
			path = toolbarDemo;
			sourceTree = "<group>";
		};
		AD0AE4842FB562AB0062573E /* toolbarDemoTests */ = {
			isa = PBXFileSystemSynchronizedRootGroup;
			path = toolbarDemoTests;
			sourceTree = "<group>";
		};
		AD0AE48E2FB562AB0062573E /* toolbarDemoUITests */ = {
			isa = PBXFileSystemSynchronizedRootGroup;
			path = toolbarDemoUITests;
			sourceTree = "<group>";
		};
		AD0AE4AA2FB56D950062573E /* image-readme */ = {
			isa = PBXFileSystemSynchronizedRootGroup;
			path = "image-readme";
			sourceTree = "<group>";
		};
/* End PBXFileSystemSynchronizedRootGroup section */

/* Begin PBXFrameworksBuildPhase section */
		AD0AE4712FB562AA0062573E /* Frameworks */ = {
			isa = PBXFrameworksBuildPhase;
			buildActionMask = 2147483647;
			files = (
			);
			runOnlyForDeploymentPostprocessing = 0;
		};
		AD0AE47E2FB562AB0062573E /* Frameworks */ = {
			isa = PBXFrameworksBuildPhase;
			buildActionMask = 2147483647;
			files = (
			);
			runOnlyForDeploymentPostprocessing = 0;
		};
		AD0AE4882FB562AB0062573E /* Frameworks */ = {
			isa = PBXFrameworksBuildPhase;
			buildActionMask = 2147483647;
			files = (
			);
			runOnlyForDeploymentPostprocessing = 0;
		};
/* End PBXFrameworksBuildPhase section */

/* Begin PBXGroup section */
		AD0AE46B2FB562AA0062573E = {
			isa = PBXGroup;
			children = (
				AD0AE4AA2FB56D950062573E /* image-readme */,
				AD0AE4A82FB56D740062573E /* README.md */,
				AD0AE4762FB562AA0062573E /* toolbarDemo */,
				AD0AE4842FB562AB0062573E /* toolbarDemoTests */,
				AD0AE48E2FB562AB0062573E /* toolbarDemoUITests */,
				AD0AE4752FB562AA0062573E /* Products */,
			);
			sourceTree = "<group>";
		};
		AD0AE4752FB562AA0062573E /* Products */ = {
			isa = PBXGroup;
			children = (
				AD0AE4742FB562AA0062573E /* toolbarDemo.app */,
				AD0AE4812FB562AB0062573E /* toolbarDemoTests.xctest */,
				AD0AE48B2FB562AB0062573E /* toolbarDemoUITests.xctest */,
			);
			name = Products;
			sourceTree = "<group>";
		};
/* End PBXGroup section */

/* Begin PBXNativeTarget section */
		AD0AE4732FB562AA0062573E /* toolbarDemo */ = {
			isa = PBXNativeTarget;
			buildConfigurationList = AD0AE4952FB562AB0062573E /* Build configuration list for PBXNativeTarget "toolbarDemo" */;
			buildPhases = (
				AD0AE4702FB562AA0062573E /* Sources */,
				AD0AE4712FB562AA0062573E /* Frameworks */,
				AD0AE4722FB562AA0062573E /* Resources */,
			);
			buildRules = (
			);
			dependencies = (
			);
			fileSystemSynchronizedGroups = (
				AD0AE4762FB562AA0062573E /* toolbarDemo */,
				AD0AE4AA2FB56D950062573E /* image-readme */,
			);
			name = toolbarDemo;
			packageProductDependencies = (
			);
			productName = toolbarDemo;
			productReference = AD0AE4742FB562AA0062573E /* toolbarDemo.app */;
			productType = "com.apple.product-type.application";
		};
		AD0AE4802FB562AB0062573E /* toolbarDemoTests */ = {
			isa = PBXNativeTarget;
			buildConfigurationList = AD0AE4982FB562AB0062573E /* Build configuration list for PBXNativeTarget "toolbarDemoTests" */;
			buildPhases = (
				AD0AE47D2FB562AB0062573E /* Sources */,
				AD0AE47E2FB562AB0062573E /* Frameworks */,
				AD0AE47F2FB562AB0062573E /* Resources */,
			);
			buildRules = (
			);
			dependencies = (
				AD0AE4832FB562AB0062573E /* PBXTargetDependency */,
			);
			fileSystemSynchronizedGroups = (
				AD0AE4842FB562AB0062573E /* toolbarDemoTests */,
			);
			name = toolbarDemoTests;
			packageProductDependencies = (
			);
			productName = toolbarDemoTests;
			productReference = AD0AE4812FB562AB0062573E /* toolbarDemoTests.xctest */;
			productType = "com.apple.product-type.bundle.unit-test";
		};
		AD0AE48A2FB562AB0062573E /* toolbarDemoUITests */ = {
			isa = PBXNativeTarget;
			buildConfigurationList = AD0AE49B2FB562AB0062573E /* Build configuration list for PBXNativeTarget "toolbarDemoUITests" */;
			buildPhases = (
				AD0AE4872FB562AB0062573E /* Sources */,
				AD0AE4882FB562AB0062573E /* Frameworks */,
				AD0AE4892FB562AB0062573E /* Resources */,
			);
			buildRules = (
			);
			dependencies = (
				AD0AE48D2FB562AB0062573E /* PBXTargetDependency */,
			);
			fileSystemSynchronizedGroups = (
				AD0AE48E2FB562AB0062573E /* toolbarDemoUITests */,
			);
			name = toolbarDemoUITests;
			packageProductDependencies = (
			);
			productName = toolbarDemoUITests;
			productReference = AD0AE48B2FB562AB0062573E /* toolbarDemoUITests.xctest */;
			productType = "com.apple.product-type.bundle.ui-testing";
		};
/* End PBXNativeTarget section */

/* Begin PBXProject section */
		AD0AE46C2FB562AA0062573E /* Project object */ = {
			isa = PBXProject;
			attributes = {
				BuildIndependentTargetsInParallel = 1;
				LastSwiftUpdateCheck = 2620;
				LastUpgradeCheck = 2620;
				TargetAttributes = {
					AD0AE4732FB562AA0062573E = {
						CreatedOnToolsVersion = 26.2;
					};
					AD0AE4802FB562AB0062573E = {
						CreatedOnToolsVersion = 26.2;
						TestTargetID = AD0AE4732FB562AA0062573E;
					};
					AD0AE48A2FB562AB0062573E = {
						CreatedOnToolsVersion = 26.2;
						TestTargetID = AD0AE4732FB562AA0062573E;
					};
				};
			};
			buildConfigurationList = AD0AE46F2FB562AA0062573E /* Build configuration list for PBXProject "toolbarDemo" */;
			developmentRegion = en;
			hasScannedForEncodings = 0;
			knownRegions = (
				en,
				Base,
			);
			mainGroup = AD0AE46B2FB562AA0062573E;
			minimizedProjectReferenceProxies = 1;
			preferredProjectObjectVersion = 77;
			productRefGroup = AD0AE4752FB562AA0062573E /* Products */;
			projectDirPath = "";
			projectRoot = "";
			targets = (
				AD0AE4732FB562AA0062573E /* toolbarDemo */,
				AD0AE4802FB562AB0062573E /* toolbarDemoTests */,
				AD0AE48A2FB562AB0062573E /* toolbarDemoUITests */,
			);
		};
/* End PBXProject section */

/* Begin PBXResourcesBuildPhase section */
		AD0AE4722FB562AA0062573E /* Resources */ = {
			isa = PBXResourcesBuildPhase;
			buildActionMask = 2147483647;
			files = (
				AD0AE4A92FB56D740062573E /* README.md in Resources */,
			);
			runOnlyForDeploymentPostprocessing = 0;
		};
		AD0AE47F2FB562AB0062573E /* Resources */ = {
			isa = PBXResourcesBuildPhase;
			buildActionMask = 2147483647;
			files = (
			);
			runOnlyForDeploymentPostprocessing = 0;
		};
		AD0AE4892FB562AB0062573E /* Resources */ = {
			isa = PBXResourcesBuildPhase;
			buildActionMask = 2147483647;
			files = (
			);
			runOnlyForDeploymentPostprocessing = 0;
		};
/* End PBXResourcesBuildPhase section */

/* Begin PBXSourcesBuildPhase section */
		AD0AE4702FB562AA0062573E /* Sources */ = {
			isa = PBXSourcesBuildPhase;
			buildActionMask = 2147483647;
			files = (
			);
			runOnlyForDeploymentPostprocessing = 0;
		};
		AD0AE47D2FB562AB0062573E /* Sources */ = {
			isa = PBXSourcesBuildPhase;
			buildActionMask = 2147483647;
			files = (
			);
			runOnlyForDeploymentPostprocessing = 0;
		};
		AD0AE4872FB562AB0062573E /* Sources */ = {
			isa = PBXSourcesBuildPhase;
			buildActionMask = 2147483647;
			files = (
			);
			runOnlyForDeploymentPostprocessing = 0;
		};
/* End PBXSourcesBuildPhase section */

/* Begin PBXTargetDependency section */
		AD0AE4832FB562AB0062573E /* PBXTargetDependency */ = {
			isa = PBXTargetDependency;
			target = AD0AE4732FB562AA0062573E /* toolbarDemo */;
			targetProxy = AD0AE4822FB562AB0062573E /* PBXContainerItemProxy */;
		};
		AD0AE48D2FB562AB0062573E /* PBXTargetDependency */ = {
			isa = PBXTargetDependency;
			target = AD0AE4732FB562AA0062573E /* toolbarDemo */;
			targetProxy = AD0AE48C2FB562AB0062573E /* PBXContainerItemProxy */;
		};
/* End PBXTargetDependency section */

/* Begin XCBuildConfiguration section */
		AD0AE4932FB562AB0062573E /* Debug */ = {
			isa = XCBuildConfiguration;
			buildSettings = {
				ALWAYS_SEARCH_USER_PATHS = NO;
				ASSETCATALOG_COMPILER_GENERATE_SWIFT_ASSET_SYMBOL_EXTENSIONS = YES;
				CLANG_ANALYZER_NONNULL = YES;
				CLANG_ANALYZER_NUMBER_OBJECT_CONVERSION = YES_AGGRESSIVE;
				CLANG_CXX_LANGUAGE_STANDARD = "gnu++20";
				CLANG_ENABLE_MODULES = YES;
				CLANG_ENABLE_OBJC_ARC = YES;
				CLANG_ENABLE_OBJC_WEAK = YES;
				CLANG_WARN_BLOCK_CAPTURE_AUTORELEASING = YES;
				CLANG_WARN_BOOL_CONVERSION = YES;
				CLANG_WARN_COMMA = YES;
				CLANG_WARN_CONSTANT_CONVERSION = YES;
				CLANG_WARN_DEPRECATED_OBJC_IMPLEMENTATIONS = YES;
				CLANG_WARN_DIRECT_OBJC_ISA_USAGE = YES_ERROR;
				CLANG_WARN_DOCUMENTATION_COMMENTS = YES;
				CLANG_WARN_EMPTY_BODY = YES;
				CLANG_WARN_ENUM_CONVERSION = YES;
				CLANG_WARN_INFINITE_RECURSION = YES;
				CLANG_WARN_INT_CONVERSION = YES;
				CLANG_WARN_NON_LITERAL_NULL_CONVERSION = YES;
				CLANG_WARN_OBJC_IMPLICIT_RETAIN_SELF = YES;
				CLANG_WARN_OBJC_LITERAL_CONVERSION = YES;
				CLANG_WARN_OBJC_ROOT_CLASS = YES_ERROR;
				CLANG_WARN_QUOTED_INCLUDE_IN_FRAMEWORK_HEADER = YES;
				CLANG_WARN_RANGE_LOOP_ANALYSIS = YES;
				CLANG_WARN_STRICT_PROTOTYPES = YES;
				CLANG_WARN_SUSPICIOUS_MOVE = YES;
				CLANG_WARN_UNGUARDED_AVAILABILITY = YES_AGGRESSIVE;
				CLANG_WARN_UNREACHABLE_CODE = YES;
				CLANG_WARN__DUPLICATE_METHOD_MATCH = YES;
				COPY_PHASE_STRIP = NO;
				DEBUG_INFORMATION_FORMAT = dwarf;
				ENABLE_STRICT_OBJC_MSGSEND = YES;
				ENABLE_TESTABILITY = YES;
				ENABLE_USER_SCRIPT_SANDBOXING = YES;
				GCC_C_LANGUAGE_STANDARD = gnu17;
				GCC_DYNAMIC_NO_PIC = NO;
				GCC_NO_COMMON_BLOCKS = YES;
				GCC_OPTIMIZATION_LEVEL = 0;
				GCC_PREPROCESSOR_DEFINITIONS = (
					"DEBUG=1",
					"$(inherited)",
				);
				GCC_WARN_64_TO_32_BIT_CONVERSION = YES;
				GCC_WARN_ABOUT_RETURN_TYPE = YES_ERROR;
				GCC_WARN_UNDECLARED_SELECTOR = YES;
				GCC_WARN_UNINITIALIZED_AUTOS = YES_AGGRESSIVE;
				GCC_WARN_UNUSED_FUNCTION = YES;
				GCC_WARN_UNUSED_VARIABLE = YES;
				IPHONEOS_DEPLOYMENT_TARGET = 26.2;
				LOCALIZATION_PREFERS_STRING_CATALOGS = YES;
				MTL_ENABLE_DEBUG_INFO = INCLUDE_SOURCE;
				MTL_FAST_MATH = YES;
				ONLY_ACTIVE_ARCH = YES;
				SDKROOT = iphoneos;
				SWIFT_ACTIVE_COMPILATION_CONDITIONS = "DEBUG $(inherited)";
				SWIFT_OPTIMIZATION_LEVEL = "-Onone";
			};
			name = Debug;
		};
		AD0AE4942FB562AB0062573E /* Release */ = {
			isa = XCBuildConfiguration;
			buildSettings = {
				ALWAYS_SEARCH_USER_PATHS = NO;
				ASSETCATALOG_COMPILER_GENERATE_SWIFT_ASSET_SYMBOL_EXTENSIONS = YES;
				CLANG_ANALYZER_NONNULL = YES;
				CLANG_ANALYZER_NUMBER_OBJECT_CONVERSION = YES_AGGRESSIVE;
				CLANG_CXX_LANGUAGE_STANDARD = "gnu++20";
				CLANG_ENABLE_MODULES = YES;
				CLANG_ENABLE_OBJC_ARC = YES;
				CLANG_ENABLE_OBJC_WEAK = YES;
				CLANG_WARN_BLOCK_CAPTURE_AUTORELEASING = YES;
				CLANG_WARN_BOOL_CONVERSION = YES;
				CLANG_WARN_COMMA = YES;
				CLANG_WARN_CONSTANT_CONVERSION = YES;
				CLANG_WARN_DEPRECATED_OBJC_IMPLEMENTATIONS = YES;
				CLANG_WARN_DIRECT_OBJC_ISA_USAGE = YES_ERROR;
				CLANG_WARN_DOCUMENTATION_COMMENTS = YES;
				CLANG_WARN_EMPTY_BODY = YES;
				CLANG_WARN_ENUM_CONVERSION = YES;
				CLANG_WARN_INFINITE_RECURSION = YES;
				CLANG_WARN_INT_CONVERSION = YES;
				CLANG_WARN_NON_LITERAL_NULL_CONVERSION = YES;
				CLANG_WARN_OBJC_IMPLICIT_RETAIN_SELF = YES;
				CLANG_WARN_OBJC_LITERAL_CONVERSION = YES;
				CLANG_WARN_OBJC_ROOT_CLASS = YES_ERROR;
				CLANG_WARN_QUOTED_INCLUDE_IN_FRAMEWORK_HEADER = YES;
				CLANG_WARN_RANGE_LOOP_ANALYSIS = YES;
				CLANG_WARN_STRICT_PROTOTYPES = YES;
				CLANG_WARN_SUSPICIOUS_MOVE = YES;
				CLANG_WARN_UNGUARDED_AVAILABILITY = YES_AGGRESSIVE;
				CLANG_WARN_UNREACHABLE_CODE = YES;
				CLANG_WARN__DUPLICATE_METHOD_MATCH = YES;
				COPY_PHASE_STRIP = NO;
				DEBUG_INFORMATION_FORMAT = "dwarf-with-dsym";
				ENABLE_NS_ASSERTIONS = NO;
				ENABLE_STRICT_OBJC_MSGSEND = YES;
				ENABLE_USER_SCRIPT_SANDBOXING = YES;
				GCC_C_LANGUAGE_STANDARD = gnu17;
				GCC_NO_COMMON_BLOCKS = YES;
				GCC_WARN_64_TO_32_BIT_CONVERSION = YES;
				GCC_WARN_ABOUT_RETURN_TYPE = YES_ERROR;
				GCC_WARN_UNDECLARED_SELECTOR = YES;
				GCC_WARN_UNINITIALIZED_AUTOS = YES_AGGRESSIVE;
				GCC_WARN_UNUSED_FUNCTION = YES;
				GCC_WARN_UNUSED_VARIABLE = YES;
				IPHONEOS_DEPLOYMENT_TARGET = 26.2;
				LOCALIZATION_PREFERS_STRING_CATALOGS = YES;
				MTL_ENABLE_DEBUG_INFO = NO;
				MTL_FAST_MATH = YES;
				SDKROOT = iphoneos;
				SWIFT_COMPILATION_MODE = wholemodule;
				VALIDATE_PRODUCT = YES;
			};
			name = Release;
		};
		AD0AE4962FB562AB0062573E /* Debug */ = {
			isa = XCBuildConfiguration;
			buildSettings = {
				ASSETCATALOG_COMPILER_APPICON_NAME = AppIcon;
				ASSETCATALOG_COMPILER_GLOBAL_ACCENT_COLOR_NAME = AccentColor;
				CODE_SIGN_STYLE = Automatic;
				CURRENT_PROJECT_VERSION = 1;
				ENABLE_PREVIEWS = YES;
				GENERATE_INFOPLIST_FILE = YES;
				INFOPLIST_KEY_UIApplicationSceneManifest_Generation = YES;
				INFOPLIST_KEY_UIApplicationSupportsIndirectInputEvents = YES;
				INFOPLIST_KEY_UILaunchScreen_Generation = YES;
				INFOPLIST_KEY_UISupportedInterfaceOrientations_iPad = "UIInterfaceOrientationPortrait UIInterfaceOrientationPortraitUpsideDown UIInterfaceOrientationLandscapeLeft UIInterfaceOrientationLandscapeRight";
				INFOPLIST_KEY_UISupportedInterfaceOrientations_iPhone = "UIInterfaceOrientationPortrait UIInterfaceOrientationLandscapeLeft UIInterfaceOrientationLandscapeRight";
				LD_RUNPATH_SEARCH_PATHS = (
					"$(inherited)",
					"@executable_path/Frameworks",
				);
				MARKETING_VERSION = 1.0;
				PRODUCT_BUNDLE_IDENTIFIER = dul.toolbarDemo;
				PRODUCT_NAME = "$(TARGET_NAME)";
				STRING_CATALOG_GENERATE_SYMBOLS = YES;
				SWIFT_APPROACHABLE_CONCURRENCY = YES;
				SWIFT_DEFAULT_ACTOR_ISOLATION = MainActor;
				SWIFT_EMIT_LOC_STRINGS = YES;
				SWIFT_UPCOMING_FEATURE_MEMBER_IMPORT_VISIBILITY = YES;
				SWIFT_VERSION = 5.0;
				TARGETED_DEVICE_FAMILY = "1,2";
			};
			name = Debug;
		};
		AD0AE4972FB562AB0062573E /* Release */ = {
			isa = XCBuildConfiguration;
			buildSettings = {
				ASSETCATALOG_COMPILER_APPICON_NAME = AppIcon;
				ASSETCATALOG_COMPILER_GLOBAL_ACCENT_COLOR_NAME = AccentColor;
				CODE_SIGN_STYLE = Automatic;
				CURRENT_PROJECT_VERSION = 1;
				ENABLE_PREVIEWS = YES;
				GENERATE_INFOPLIST_FILE = YES;
				INFOPLIST_KEY_UIApplicationSceneManifest_Generation = YES;
				INFOPLIST_KEY_UIApplicationSupportsIndirectInputEvents = YES;
				INFOPLIST_KEY_UILaunchScreen_Generation = YES;
				INFOPLIST_KEY_UISupportedInterfaceOrientations_iPad = "UIInterfaceOrientationPortrait UIInterfaceOrientationPortraitUpsideDown UIInterfaceOrientationLandscapeLeft UIInterfaceOrientationLandscapeRight";
				INFOPLIST_KEY_UISupportedInterfaceOrientations_iPhone = "UIInterfaceOrientationPortrait UIInterfaceOrientationLandscapeLeft UIInterfaceOrientationLandscapeRight";
				LD_RUNPATH_SEARCH_PATHS = (
					"$(inherited)",
					"@executable_path/Frameworks",
				);
				MARKETING_VERSION = 1.0;
				PRODUCT_BUNDLE_IDENTIFIER = dul.toolbarDemo;
				PRODUCT_NAME = "$(TARGET_NAME)";
				STRING_CATALOG_GENERATE_SYMBOLS = YES;
				SWIFT_APPROACHABLE_CONCURRENCY = YES;
				SWIFT_DEFAULT_ACTOR_ISOLATION = MainActor;
				SWIFT_EMIT_LOC_STRINGS = YES;
				SWIFT_UPCOMING_FEATURE_MEMBER_IMPORT_VISIBILITY = YES;
				SWIFT_VERSION = 5.0;
				TARGETED_DEVICE_FAMILY = "1,2";
			};
			name = Release;
		};
		AD0AE4992FB562AB0062573E /* Debug */ = {
			isa = XCBuildConfiguration;
			buildSettings = {
				BUNDLE_LOADER = "$(TEST_HOST)";
				CODE_SIGN_STYLE = Automatic;
				CURRENT_PROJECT_VERSION = 1;
				GENERATE_INFOPLIST_FILE = YES;
				IPHONEOS_DEPLOYMENT_TARGET = 26.2;
				MARKETING_VERSION = 1.0;
				PRODUCT_BUNDLE_IDENTIFIER = dul.toolbarDemoTests;
				PRODUCT_NAME = "$(TARGET_NAME)";
				STRING_CATALOG_GENERATE_SYMBOLS = NO;
				SWIFT_APPROACHABLE_CONCURRENCY = YES;
				SWIFT_EMIT_LOC_STRINGS = NO;
				SWIFT_UPCOMING_FEATURE_MEMBER_IMPORT_VISIBILITY = YES;
				SWIFT_VERSION = 5.0;
				TARGETED_DEVICE_FAMILY = "1,2";
				TEST_HOST = "$(BUILT_PRODUCTS_DIR)/toolbarDemo.app/$(BUNDLE_EXECUTABLE_FOLDER_PATH)/toolbarDemo";
			};
			name = Debug;
		};
		AD0AE49A2FB562AB0062573E /* Release */ = {
			isa = XCBuildConfiguration;
			buildSettings = {
				BUNDLE_LOADER = "$(TEST_HOST)";
				CODE_SIGN_STYLE = Automatic;
				CURRENT_PROJECT_VERSION = 1;
				GENERATE_INFOPLIST_FILE = YES;
				IPHONEOS_DEPLOYMENT_TARGET = 26.2;
				MARKETING_VERSION = 1.0;
				PRODUCT_BUNDLE_IDENTIFIER = dul.toolbarDemoTests;
				PRODUCT_NAME = "$(TARGET_NAME)";
				STRING_CATALOG_GENERATE_SYMBOLS = NO;
				SWIFT_APPROACHABLE_CONCURRENCY = YES;
				SWIFT_EMIT_LOC_STRINGS = NO;
				SWIFT_UPCOMING_FEATURE_MEMBER_IMPORT_VISIBILITY = YES;
				SWIFT_VERSION = 5.0;
				TARGETED_DEVICE_FAMILY = "1,2";
				TEST_HOST = "$(BUILT_PRODUCTS_DIR)/toolbarDemo.app/$(BUNDLE_EXECUTABLE_FOLDER_PATH)/toolbarDemo";
			};
			name = Release;
		};
		AD0AE49C2FB562AB0062573E /* Debug */ = {
			isa = XCBuildConfiguration;
			buildSettings = {
				CODE_SIGN_STYLE = Automatic;
				CURRENT_PROJECT_VERSION = 1;
				GENERATE_INFOPLIST_FILE = YES;
				MARKETING_VERSION = 1.0;
				PRODUCT_BUNDLE_IDENTIFIER = dul.toolbarDemoUITests;
				PRODUCT_NAME = "$(TARGET_NAME)";
				STRING_CATALOG_GENERATE_SYMBOLS = NO;
				SWIFT_APPROACHABLE_CONCURRENCY = YES;
				SWIFT_EMIT_LOC_STRINGS = NO;
				SWIFT_UPCOMING_FEATURE_MEMBER_IMPORT_VISIBILITY = YES;
				SWIFT_VERSION = 5.0;
				TARGETED_DEVICE_FAMILY = "1,2";
				TEST_TARGET_NAME = toolbarDemo;
			};
			name = Debug;
		};
		AD0AE49D2FB562AB0062573E /* Release */ = {
			isa = XCBuildConfiguration;
			buildSettings = {
				CODE_SIGN_STYLE = Automatic;
				CURRENT_PROJECT_VERSION = 1;
				GENERATE_INFOPLIST_FILE = YES;
				MARKETING_VERSION = 1.0;
				PRODUCT_BUNDLE_IDENTIFIER = dul.toolbarDemoUITests;
				PRODUCT_NAME = "$(TARGET_NAME)";
				STRING_CATALOG_GENERATE_SYMBOLS = NO;
				SWIFT_APPROACHABLE_CONCURRENCY = YES;
				SWIFT_EMIT_LOC_STRINGS = NO;
				SWIFT_UPCOMING_FEATURE_MEMBER_IMPORT_VISIBILITY = YES;
				SWIFT_VERSION = 5.0;
				TARGETED_DEVICE_FAMILY = "1,2";
				TEST_TARGET_NAME = toolbarDemo;
			};
			name = Release;
		};
/* End XCBuildConfiguration section */

/* Begin XCConfigurationList section */
		AD0AE46F2FB562AA0062573E /* Build configuration list for PBXProject "toolbarDemo" */ = {
			isa = XCConfigurationList;
			buildConfigurations = (
				AD0AE4932FB562AB0062573E /* Debug */,
				AD0AE4942FB562AB0062573E /* Release */,
			);
			defaultConfigurationIsVisible = 0;
			defaultConfigurationName = Release;
		};
		AD0AE4952FB562AB0062573E /* Build configuration list for PBXNativeTarget "toolbarDemo" */ = {
			isa = XCConfigurationList;
			buildConfigurations = (
				AD0AE4962FB562AB0062573E /* Debug */,
				AD0AE4972FB562AB0062573E /* Release */,
			);
			defaultConfigurationIsVisible = 0;
			defaultConfigurationName = Release;
		};
		AD0AE4982FB562AB0062573E /* Build configuration list for PBXNativeTarget "toolbarDemoTests" */ = {
			isa = XCConfigurationList;
			buildConfigurations = (
				AD0AE4992FB562AB0062573E /* Debug */,
				AD0AE49A2FB562AB0062573E /* Release */,
			);
			defaultConfigurationIsVisible = 0;
			defaultConfigurationName = Release;
		};
		AD0AE49B2FB562AB0062573E /* Build configuration list for PBXNativeTarget "toolbarDemoUITests" */ = {
			isa = XCConfigurationList;
			buildConfigurations = (
				AD0AE49C2FB562AB0062573E /* Debug */,
				AD0AE49D2FB562AB0062573E /* Release */,
			);
			defaultConfigurationIsVisible = 0;
			defaultConfigurationName = Release;
		};
/* End XCConfigurationList section */
	};
	rootObject = AD0AE46C2FB562AA0062573E /* Project object */;
}
